
Microsoft Visual Studio Solution File, Format Version 12.00
# Visual Studio Version 17
VisualStudioVersion = 17.0.31903.59
MinimumVisualStudioVersion = 10.0.40219.1
Project("{2150E333-8FDC-42A3-9474-1A3956D46DE8}") = "src", "src", "{32C7F79A-FB37-445B-B08B-63DADCAAB354}"
EndProject
Project("{2150E333-8FDC-42A3-9474-1A3956D46DE8}") = "plugins", "plugins", "{0929155E-6931-48C5-9590-51A4CA667657}"
EndProject
Project("{2150E333-8FDC-42A3-9474-1A3956D46DE8}") = "tests", "tests", "{1CB377A7-6902-4181-92DD-D445F8A6499D}"
EndProject
Project("{2150E333-8FDC-42A3-9474-1A3956D46DE8}") = "providers", "providers", "{3BD53B27-E0EC-4826-B1AE-C8FCA074A404}"
EndProject
Project("{2150E333-8FDC-42A3-9474-1A3956D46DE8}") = "FgoPet.Provider.Codex", "FgoPet.Provider.Codex", "{CCCEF029-94E5-4EF0-998D-4BC92BF0A0E8}"
EndProject
Project("{2150E333-8FDC-42A3-9474-1A3956D46DE8}") = "FgoPet.Plugin.Speech", "FgoPet.Plugin.Speech", "{5CDC9FA9-64C4-4721-AAE1-2CD9C0200834}"
EndProject
Project("{2150E333-8FDC-42A3-9474-1A3956D46DE8}") = "FgoPet.Desktop", "FgoPet.Desktop", "{AF900242-B54A-467D-AEE2-D915A9A0C7F2}"
EndProject
Project("{2150E333-8FDC-42A3-9474-1A3956D46DE8}") = "FgoPet.Plugin.Content", "FgoPet.Plugin.Content", "{BEB67969-F046-413D-9421-B8DDF4F2865E}"
EndProject
Project("{2150E333-8FDC-42A3-9474-1A3956D46DE8}") = "FgoPet.Plugin.Dialogue", "FgoPet.Plugin.Dialogue", "{D85F7774-1D86-5877-9E07-8413CBBA9D7F}"
EndProject
Project("{2150E333-8FDC-42A3-9474-1A3956D46DE8}") = "FgoPet.Plugin.Memory", "FgoPet.Plugin.Memory", "{1EDA829A-C233-4083-9078-3240295A0ED5}"
EndProject
Project("{2150E333-8FDC-42A3-9474-1A3956D46DE8}") = "FgoPet.Plugin.Todo", "FgoPet.Plugin.Todo", "{AC79D0C2-CEB3-4887-97B3-E57E0BA2D314}"
EndProject
Project("{2150E333-8FDC-42A3-9474-1A3956D46DE8}") = "FgoPet.Platform", "FgoPet.Platform", "{3E4DF3FB-BCE2-42F3-8065-1270F95ED52F}"
EndProject
Project("{2150E333-8FDC-42A3-9474-1A3956D46DE8}") = "FgoPet.Plugin.Focus", "FgoPet.Plugin.Focus", "{C54CF608-89C8-4BCB-8C31-9BE21E83EA2D}"
EndProject
Project("{2150E333-8FDC-42A3-9474-1A3956D46DE8}") = "FgoPet.Provider.IndexTts", "FgoPet.Provider.IndexTts", "{E88D09F9-6FAC-5759-BCB9-1DB10602238F}"
EndProject
Project("{2150E333-8FDC-42A3-9474-1A3956D46DE8}") = "FgoPet.Portrait.Static", "FgoPet.Portrait.Static", "{1F202E0F-FB95-5E54-8F74-E2B8CBCFDC41}"
EndProject
Project("{FAE04EC0-301F-11D3-BF4B-00C04F79EFBC}") = "FgoPet.App", "src\FgoPet.App\FgoPet.App.csproj", "{F7DF97B8-453C-4B12-8CDD-3498AC7CE26E}"
EndProject
Project("{FAE04EC0-301F-11D3-BF4B-00C04F79EFBC}") = "FgoPet.AgentProtocol", "plugins\providers\FgoPet.Provider.Codex\FgoPet.AgentProtocol\FgoPet.AgentProtocol.csproj", "{6BDAFEE8-87A2-4DB8-97B1-A7D7F4FDF5D3}"
EndProject
Project("{FAE04EC0-301F-11D3-BF4B-00C04F79EFBC}") = "FgoPet.AgentRuntime", "plugins\providers\FgoPet.Provider.Codex\FgoPet.AgentRuntime\FgoPet.AgentRuntime.csproj", "{96EEF702-5043-458C-95C6-4BC06920A705}"
EndProject
Project("{FAE04EC0-301F-11D3-BF4B-00C04F79EFBC}") = "FgoPet.AgentRelay", "plugins\providers\FgoPet.Provider.Codex\FgoPet.AgentRelay\FgoPet.AgentRelay.csproj", "{6E6E87CB-0FC9-4DE4-A3F6-73D7ED0F8E7F}"
EndProject
Project("{FAE04EC0-301F-11D3-BF4B-00C04F79EFBC}") = "FgoPet.CodexAdapter", "plugins\providers\FgoPet.Provider.Codex\FgoPet.CodexAdapter\FgoPet.CodexAdapter.csproj", "{A63D31EE-0ED8-4A9E-8A2E-9B5D7B3C0B11}"
EndProject
Project("{FAE04EC0-301F-11D3-BF4B-00C04F79EFBC}") = "FgoPet.Core.Tests", "tests\FgoPet.Core.Tests\FgoPet.Core.Tests.csproj", "{297C6206-7115-4B63-B1AA-ABF134AF64A4}"
EndProject
Project("{FAE04EC0-301F-11D3-BF4B-00C04F79EFBC}") = "FgoPet.Infrastructure.Tests", "tests\FgoPet.Infrastructure.Tests\FgoPet.Infrastructure.Tests.csproj", "{01A4D551-1C62-4334-88AF-3E8F88198B82}"
EndProject
Project("{FAE04EC0-301F-11D3-BF4B-00C04F79EFBC}") = "FgoPet.App.Tests", "tests\FgoPet.App.Tests\FgoPet.App.Tests.csproj", "{D3377078-1690-46BD-913F-70CE862DDE56}"
EndProject
Project("{FAE04EC0-301F-11D3-BF4B-00C04F79EFBC}") = "FgoPet.Windows.Tests", "tests\FgoPet.Windows.Tests\FgoPet.Windows.Tests.csproj", "{31C4C362-5BA9-45B8-8AAB-20B13ECB98CA}"
EndProject
Project("{FAE04EC0-301F-11D3-BF4B-00C04F79EFBC}") = "FgoPet.AgentProtocol.Tests", "tests\FgoPet.AgentProtocol.Tests\FgoPet.AgentProtocol.Tests.csproj", "{4DA4B6D5-C9BC-4E17-BB4D-C13BB2710F50}"
EndProject
Project("{FAE04EC0-301F-11D3-BF4B-00C04F79EFBC}") = "FgoPet.AgentRuntime.Tests", "tests\FgoPet.AgentRuntime.Tests\FgoPet.AgentRuntime.Tests.csproj", "{12308400-A58E-4B99-BE7B-C2FB3BEAD4D9}"
EndProject
Project("{FAE04EC0-301F-11D3-BF4B-00C04F79EFBC}") = "FgoPet.AgentRelay.Tests", "tests\FgoPet.AgentRelay.Tests\FgoPet.AgentRelay.Tests.csproj", "{2A5F2446-9A20-4AB4-B26D-022A98731CFA}"
EndProject
Project("{FAE04EC0-301F-11D3-BF4B-00C04F79EFBC}") = "FgoPet.CodexAdapter.Tests", "tests\FgoPet.CodexAdapter.Tests\FgoPet.CodexAdapter.Tests.csproj", "{B74A1E9A-7C36-4D4A-A5F8-2D9C84F0E21A}"
EndProject
Project("{FAE04EC0-301F-11D3-BF4B-00C04F79EFBC}") = "FgoPet.EndToEnd.Tests", "tests\FgoPet.EndToEnd.Tests\FgoPet.EndToEnd.Tests.csproj", "{C85B2FAB-8D47-4E5B-B6A9-3EA5D9F1A32B}"
EndProject
Project("{FAE04EC0-301F-11D3-BF4B-00C04F79EFBC}") = "FgoPet.Architecture.Tests", "tests\FgoPet.Architecture.Tests\FgoPet.Architecture.Tests.csproj", "{D6E0A8B1-0D4D-4F7B-9C9B-6F2B3D8E4A10}"
EndProject
Project("{FAE04EC0-301F-11D3-BF4B-00C04F79EFBC}") = "FgoPet.Speech.Core", "plugins\FgoPet.Plugin.Speech\Contracts\FgoPet.Speech.Core.csproj", "{014F0814-986C-4F9B-9F4B-DF9916CC05E1}"
EndProject
Project("{FAE04EC0-301F-11D3-BF4B-00C04F79EFBC}") = "FgoPet.Speech.Infrastructure", "plugins\FgoPet.Plugin.Speech\Infrastructure\FgoPet.Speech.Infrastructure.csproj", "{6AFEDEB6-BDD4-43C3-B2B4-9498B74724C7}"
EndProject
Project("{FAE04EC0-301F-11D3-BF4B-00C04F79EFBC}") = "FgoPet.Speech.Desktop", "plugins\FgoPet.Plugin.Speech\Desktop\FgoPet.Speech.Desktop.csproj", "{B4AD4929-D122-472C-970E-66A16F04F6B8}"
EndProject
Project("{FAE04EC0-301F-11D3-BF4B-00C04F79EFBC}") = "FgoPet.Speech.Core.Tests", "tests\FgoPet.Speech.Core.Tests\FgoPet.Speech.Core.Tests.csproj", "{7E369B78-D63A-4549-AC83-AB74564F31D9}"
EndProject
Project("{FAE04EC0-301F-11D3-BF4B-00C04F79EFBC}") = "FgoPet.Speech.Infrastructure.Tests", "tests\FgoPet.Speech.Infrastructure.Tests\FgoPet.Speech.Infrastructure.Tests.csproj", "{94A5B771-242C-4620-9492-B68FBD8F2F32}"
EndProject
Project("{FAE04EC0-301F-11D3-BF4B-00C04F79EFBC}") = "FgoPet.Speech.Desktop.Tests", "tests\FgoPet.Speech.Desktop.Tests\FgoPet.Speech.Desktop.Tests.csproj", "{10538CAF-DD8B-449A-959E-B7A4DEB199F8}"
EndProject
Project("{FAE04EC0-301F-11D3-BF4B-00C04F79EFBC}") = "FgoPet.HostContracts", "src\FgoPet.Desktop\Contracts\FgoPet.HostContracts.csproj", "{C08581DA-C222-4A5A-9D0A-F5F06E05DA3F}"
EndProject
Project("{FAE04EC0-301F-11D3-BF4B-00C04F79EFBC}") = "FgoPet.DesktopShell", "src\FgoPet.Desktop\Shell\FgoPet.DesktopShell.csproj", "{087ADF22-73C3-4E61-BC0E-EC810753A6F3}"
EndProject
Project("{FAE04EC0-301F-11D3-BF4B-00C04F79EFBC}") = "FgoPet.DataManagement", "src\FgoPet.Desktop\DataManagement\FgoPet.DataManagement.csproj", "{3D11DC29-809F-4ED5-A120-5C43BA44399A}"
EndProject
Project("{FAE04EC0-301F-11D3-BF4B-00C04F79EFBC}") = "FgoPet.Character", "plugins\FgoPet.Plugin.Content\Desktop\FgoPet.Character.csproj", "{8F905FB1-FD2C-4274-BE13-9BD3869C1FDE}"
EndProject
Project("{FAE04EC0-301F-11D3-BF4B-00C04F79EFBC}") = "FgoPet.Dialogue", "plugins\FgoPet.Plugin.Dialogue\FgoPet.Dialogue.csproj", "{B7999A20-1CDE-4199-B7AE-A1813709D7AE}"
EndProject
Project("{FAE04EC0-301F-11D3-BF4B-00C04F79EFBC}") = "FgoPet.Memory", "plugins\FgoPet.Plugin.Memory\Desktop\FgoPet.Memory.csproj", "{A10D1E52-62D9-42A2-B178-3D46554611F0}"
EndProject
Project("{FAE04EC0-301F-11D3-BF4B-00C04F79EFBC}") = "FgoPet.SettingsHost", "src\FgoPet.Desktop\Settings\FgoPet.SettingsHost.csproj", "{8C771B63-887F-4B29-93BC-BFD8A820BD88}"
EndProject
Project("{FAE04EC0-301F-11D3-BF4B-00C04F79EFBC}") = "FgoPet.SettingsHost.Tests", "tests\FgoPet.SettingsHost.Tests\FgoPet.SettingsHost.Tests.csproj", "{0568DE74-4737-4A1E-BEB3-E3079E5E003E}"
EndProject
Project("{FAE04EC0-301F-11D3-BF4B-00C04F79EFBC}") = "FgoPet.Extensibility", "src\FgoPet.Extensibility\FgoPet.Extensibility.csproj", "{FB2D999E-BBF3-4CA3-B1C4-FEDAE8A88E94}"
EndProject
Project("{FAE04EC0-301F-11D3-BF4B-00C04F79EFBC}") = "FgoPet.UiSdk", "src\FgoPet.UiSdk\FgoPet.UiSdk.csproj", "{10D78DDE-06C8-4893-BE0C-F5050CC88170}"
EndProject
Project("{FAE04EC0-301F-11D3-BF4B-00C04F79EFBC}") = "FgoPet.Foundation.Tests", "tests\FgoPet.Foundation.Tests\FgoPet.Foundation.Tests.csproj", "{172361EF-7999-4215-9DDF-7DC0D8F36E16}"
EndProject
Project("{FAE04EC0-301F-11D3-BF4B-00C04F79EFBC}") = "FgoPet.Kernel", "src\FgoPet.Kernel\FgoPet.Kernel.csproj", "{82012526-A16B-47D4-B9F0-B5CF2735F18D}"
EndProject
Project("{FAE04EC0-301F-11D3-BF4B-00C04F79EFBC}") = "FgoPet.Plugin.Todo.Core", "plugins\FgoPet.Plugin.Todo\Core\FgoPet.Plugin.Todo.Core.csproj", "{D8F39159-3D44-4127-A4D9-83EB26FA108E}"
EndProject
Project("{FAE04EC0-301F-11D3-BF4B-00C04F79EFBC}") = "FgoPet.Plugin.Todo.Tests", "plugins\FgoPet.Plugin.Todo\Tests\FgoPet.Plugin.Todo.Tests.csproj", "{73572BC1-82ED-44F8-95F0-A73B3A8A0F3D}"
EndProject
Project("{FAE04EC0-301F-11D3-BF4B-00C04F79EFBC}") = "FgoPet.Platform.Storage", "src\FgoPet.Platform\Storage\FgoPet.Platform.Storage.csproj", "{3D6637BA-74DE-4512-B4A8-7543EEC460FA}"
EndProject
Project("{FAE04EC0-301F-11D3-BF4B-00C04F79EFBC}") = "FgoPet.Plugin.Todo.Desktop", "plugins\FgoPet.Plugin.Todo\Desktop\FgoPet.Plugin.Todo.Desktop.csproj", "{CF022589-214B-4B86-B492-E76B25CB7E01}"
EndProject
Project("{FAE04EC0-301F-11D3-BF4B-00C04F79EFBC}") = "FgoPet.Plugin.Focus.Core", "plugins\FgoPet.Plugin.Focus\Core\FgoPet.Plugin.Focus.Core.csproj", "{316F9FB7-F48F-4F45-9DE3-ED5DBAA5ECF5}"
EndProject
Project("{FAE04EC0-301F-11D3-BF4B-00C04F79EFBC}") = "FgoPet.Plugin.Focus.Desktop", "plugins\FgoPet.Plugin.Focus\Desktop\FgoPet.Plugin.Focus.Desktop.csproj", "{895160DA-E250-4A9C-86B4-0E1306099645}"
EndProject
Project("{FAE04EC0-301F-11D3-BF4B-00C04F79EFBC}") = "FgoPet.Platform.Contracts", "src\FgoPet.Platform\Contracts\FgoPet.Platform.Contracts.csproj", "{33ECA7B1-5789-4D16-92EE-26B9F3B957EE}"
EndProject
Project("{FAE04EC0-301F-11D3-BF4B-00C04F79EFBC}") = "FgoPet.Plugin.Memory.Core", "plugins\FgoPet.Plugin.Memory\Core\FgoPet.Plugin.Memory.Core.csproj", "{001AD90C-0BD0-47DF-B85D-3900C76BE75E}"
EndProject
Project("{FAE04EC0-301F-11D3-BF4B-00C04F79EFBC}") = "FgoPet.Plugin.Memory.Tests", "tests\FgoPet.Plugin.Memory.Tests\FgoPet.Plugin.Memory.Tests.csproj", "{A64B6BFE-02D4-4697-BCB2-FD002B7315B4}"
EndProject
Project("{FAE04EC0-301F-11D3-BF4B-00C04F79EFBC}") = "FgoPet.Plugin.Speech.Core", "plugins\FgoPet.Plugin.Speech\Core\FgoPet.Plugin.Speech.Core.csproj", "{E5CDC5AD-FDD1-481C-98F8-7431D3A541EA}"
EndProject
Project("{FAE04EC0-301F-11D3-BF4B-00C04F79EFBC}") = "FgoPet.Provider.IndexTts", "plugins\providers\FgoPet.Provider.IndexTts\FgoPet.Provider.IndexTts.csproj", "{0CC892D3-09ED-4EEC-971A-155746527100}"
EndProject
Project("{FAE04EC0-301F-11D3-BF4B-00C04F79EFBC}") = "FgoPet.AgentBackend.Contracts", "plugins\providers\FgoPet.Provider.Codex\FgoPet.AgentBackend.Contracts\FgoPet.AgentBackend.Contracts.csproj", "{38196FB3-3FC5-45BD-9706-CED8C853DDFD}"
EndProject
Project("{FAE04EC0-301F-11D3-BF4B-00C04F79EFBC}") = "FgoPet.AgentBackend.Windows", "plugins\providers\FgoPet.Provider.Codex\FgoPet.AgentBackend.Windows\FgoPet.AgentBackend.Windows.csproj", "{9AB796A8-101C-4D5C-878D-BAA975315DBD}"
EndProject
Project("{FAE04EC0-301F-11D3-BF4B-00C04F79EFBC}") = "FgoPet.AgentBackend.Desktop", "plugins\providers\FgoPet.Provider.Codex\FgoPet.AgentBackend.Desktop\FgoPet.AgentBackend.Desktop.csproj", "{95927D9C-9D07-4842-9D0D-C349DAA5339B}"
EndProject
Project("{FAE04EC0-301F-11D3-BF4B-00C04F79EFBC}") = "FgoPet.Plugin.Content.Core", "plugins\FgoPet.Plugin.Content\Core\FgoPet.Plugin.Content.Core.csproj", "{0F48935A-361E-4556-A8C4-03A3E7EBBB43}"
EndProject
Project("{FAE04EC0-301F-11D3-BF4B-00C04F79EFBC}") = "FgoPet.Plugin.Content.Tests", "plugins\FgoPet.Plugin.Content\Tests\FgoPet.Plugin.Content.Tests.csproj", "{5CEEB449-AFCF-4242-B19E-BFA8B5E86E57}"
EndProject
Project("{FAE04EC0-301F-11D3-BF4B-00C04F79EFBC}") = "FgoPet.Portrait.Static", "plugins\providers\FgoPet.Portrait.Static\FgoPet.Portrait.Static.csproj", "{4925BB52-55A7-424A-887D-BCCFDFD42383}"
EndProject
Project("{FAE04EC0-301F-11D3-BF4B-00C04F79EFBC}") = "FgoPet.Platform.Windows", "src\FgoPet.Platform\Windows\FgoPet.Platform.Windows.csproj", "{20BA6021-AF96-4B60-BC4B-708F92CF266B}"
EndProject
Global
	GlobalSection(SolutionConfigurationPlatforms) = preSolution
		Debug|Any CPU = Debug|Any CPU
		Release|Any CPU = Release|Any CPU
	EndGlobalSection
	GlobalSection(SolutionProperties) = preSolution
		HideSolutionNode = FALSE
	EndGlobalSection
	GlobalSection(ProjectConfigurationPlatforms) = postSolution
		{F7DF97B8-453C-4B12-8CDD-3498AC7CE26E}.Debug|Any CPU.ActiveCfg = Debug|Any CPU
		{F7DF97B8-453C-4B12-8CDD-3498AC7CE26E}.Debug|Any CPU.Build.0 = Debug|Any CPU
		{F7DF97B8-453C-4B12-8CDD-3498AC7CE26E}.Release|Any CPU.ActiveCfg = Release|Any CPU
		{F7DF97B8-453C-4B12-8CDD-3498AC7CE26E}.Release|Any CPU.Build.0 = Release|Any CPU
		{6BDAFEE8-87A2-4DB8-97B1-A7D7F4FDF5D3}.Debug|Any CPU.ActiveCfg = Debug|Any CPU
		{6BDAFEE8-87A2-4DB8-97B1-A7D7F4FDF5D3}.Debug|Any CPU.Build.0 = Debug|Any CPU
		{6BDAFEE8-87A2-4DB8-97B1-A7D7F4FDF5D3}.Release|Any CPU.ActiveCfg = Release|Any CPU
		{6BDAFEE8-87A2-4DB8-97B1-A7D7F4FDF5D3}.Release|Any CPU.Build.0 = Release|Any CPU
		{96EEF702-5043-458C-95C6-4BC06920A705}.Debug|Any CPU.ActiveCfg = Debug|Any CPU
		{96EEF702-5043-458C-95C6-4BC06920A705}.Debug|Any CPU.Build.0 = Debug|Any CPU
		{96EEF702-5043-458C-95C6-4BC06920A705}.Release|Any CPU.ActiveCfg = Release|Any CPU
		{96EEF702-5043-458C-95C6-4BC06920A705}.Release|Any CPU.Build.0 = Release|Any CPU
		{6E6E87CB-0FC9-4DE4-A3F6-73D7ED0F8E7F}.Debug|Any CPU.ActiveCfg = Debug|Any CPU
		{6E6E87CB-0FC9-4DE4-A3F6-73D7ED0F8E7F}.Debug|Any CPU.Build.0 = Debug|Any CPU
		{6E6E87CB-0FC9-4DE4-A3F6-73D7ED0F8E7F}.Release|Any CPU.ActiveCfg = Release|Any CPU
		{6E6E87CB-0FC9-4DE4-A3F6-73D7ED0F8E7F}.Release|Any CPU.Build.0 = Release|Any CPU
		{A63D31EE-0ED8-4A9E-8A2E-9B5D7B3C0B11}.Debug|Any CPU.ActiveCfg = Debug|Any CPU
		{A63D31EE-0ED8-4A9E-8A2E-9B5D7B3C0B11}.Debug|Any CPU.Build.0 = Debug|Any CPU
		{A63D31EE-0ED8-4A9E-8A2E-9B5D7B3C0B11}.Release|Any CPU.ActiveCfg = Release|Any CPU
		{A63D31EE-0ED8-4A9E-8A2E-9B5D7B3C0B11}.Release|Any CPU.Build.0 = Release|Any CPU
		{297C6206-7115-4B63-B1AA-ABF134AF64A4}.Debug|Any CPU.ActiveCfg = Debug|Any CPU
		{297C6206-7115-4B63-B1AA-ABF134AF64A4}.Debug|Any CPU.Build.0 = Debug|Any CPU
		{297C6206-7115-4B63-B1AA-ABF134AF64A4}.Release|Any CPU.ActiveCfg = Release|Any CPU
		{297C6206-7115-4B63-B1AA-ABF134AF64A4}.Release|Any CPU.Build.0 = Release|Any CPU
		{01A4D551-1C62-4334-88AF-3E8F88198B82}.Debug|Any CPU.ActiveCfg = Debug|Any CPU
		{01A4D551-1C62-4334-88AF-3E8F88198B82}.Debug|Any CPU.Build.0 = Debug|Any CPU
		{01A4D551-1C62-4334-88AF-3E8F88198B82}.Release|Any CPU.ActiveCfg = Release|Any CPU
		{01A4D551-1C62-4334-88AF-3E8F88198B82}.Release|Any CPU.Build.0 = Release|Any CPU
		{D3377078-1690-46BD-913F-70CE862DDE56}.Debug|Any CPU.ActiveCfg = Debug|Any CPU
		{D3377078-1690-46BD-913F-70CE862DDE56}.Debug|Any CPU.Build.0 = Debug|Any CPU
		{D3377078-1690-46BD-913F-70CE862DDE56}.Release|Any CPU.ActiveCfg = Release|Any CPU
		{D3377078-1690-46BD-913F-70CE862DDE56}.Release|Any CPU.Build.0 = Release|Any CPU
		{31C4C362-5BA9-45B8-8AAB-20B13ECB98CA}.Debug|Any CPU.ActiveCfg = Debug|Any CPU
		{31C4C362-5BA9-45B8-8AAB-20B13ECB98CA}.Debug|Any CPU.Build.0 = Debug|Any CPU
		{31C4C362-5BA9-45B8-8AAB-20B13ECB98CA}.Release|Any CPU.ActiveCfg = Release|Any CPU
		{31C4C362-5BA9-45B8-8AAB-20B13ECB98CA}.Release|Any CPU.Build.0 = Release|Any CPU
		{4DA4B6D5-C9BC-4E17-BB4D-C13BB2710F50}.Debug|Any CPU.ActiveCfg = Debug|Any CPU
		{4DA4B6D5-C9BC-4E17-BB4D-C13BB2710F50}.Debug|Any CPU.Build.0 = Debug|Any CPU
		{4DA4B6D5-C9BC-4E17-BB4D-C13BB2710F50}.Release|Any CPU.ActiveCfg = Release|Any CPU
		{4DA4B6D5-C9BC-4E17-BB4D-C13BB2710F50}.Release|Any CPU.Build.0 = Release|Any CPU
		{12308400-A58E-4B99-BE7B-C2FB3BEAD4D9}.Debug|Any CPU.ActiveCfg = Debug|Any CPU
		{12308400-A58E-4B99-BE7B-C2FB3BEAD4D9}.Debug|Any CPU.Build.0 = Debug|Any CPU
		{12308400-A58E-4B99-BE7B-C2FB3BEAD4D9}.Release|Any CPU.ActiveCfg = Release|Any CPU
		{12308400-A58E-4B99-BE7B-C2FB3BEAD4D9}.Release|Any CPU.Build.0 = Release|Any CPU
		{2A5F2446-9A20-4AB4-B26D-022A98731CFA}.Debug|Any CPU.ActiveCfg = Debug|Any CPU
		{2A5F2446-9A20-4AB4-B26D-022A98731CFA}.Debug|Any CPU.Build.0 = Debug|Any CPU
		{2A5F2446-9A20-4AB4-B26D-022A98731CFA}.Release|Any CPU.ActiveCfg = Release|Any CPU
		{2A5F2446-9A20-4AB4-B26D-022A98731CFA}.Release|Any CPU.Build.0 = Release|Any CPU
		{B74A1E9A-7C36-4D4A-A5F8-2D9C84F0E21A}.Debug|Any CPU.ActiveCfg = Debug|Any CPU
		{B74A1E9A-7C36-4D4A-A5F8-2D9C84F0E21A}.Debug|Any CPU.Build.0 = Debug|Any CPU
		{B74A1E9A-7C36-4D4A-A5F8-2D9C84F0E21A}.Release|Any CPU.ActiveCfg = Release|Any CPU
		{B74A1E9A-7C36-4D4A-A5F8-2D9C84F0E21A}.Release|Any CPU.Build.0 = Release|Any CPU
		{C85B2FAB-8D47-4E5B-B6A9-3EA5D9F1A32B}.Debug|Any CPU.ActiveCfg = Debug|Any CPU
		{C85B2FAB-8D47-4E5B-B6A9-3EA5D9F1A32B}.Debug|Any CPU.Build.0 = Debug|Any CPU
		{C85B2FAB-8D47-4E5B-B6A9-3EA5D9F1A32B}.Release|Any CPU.ActiveCfg = Release|Any CPU
		{C85B2FAB-8D47-4E5B-B6A9-3EA5D9F1A32B}.Release|Any CPU.Build.0 = Release|Any CPU
		{D6E0A8B1-0D4D-4F7B-9C9B-6F2B3D8E4A10}.Debug|Any CPU.ActiveCfg = Debug|Any CPU
		{D6E0A8B1-0D4D-4F7B-9C9B-6F2B3D8E4A10}.Debug|Any CPU.Build.0 = Debug|Any CPU
		{D6E0A8B1-0D4D-4F7B-9C9B-6F2B3D8E4A10}.Release|Any CPU.ActiveCfg = Release|Any CPU
		{D6E0A8B1-0D4D-4F7B-9C9B-6F2B3D8E4A10}.Release|Any CPU.Build.0 = Release|Any CPU
		{014F0814-986C-4F9B-9F4B-DF9916CC05E1}.Debug|Any CPU.ActiveCfg = Debug|Any CPU
		{014F0814-986C-4F9B-9F4B-DF9916CC05E1}.Debug|Any CPU.Build.0 = Debug|Any CPU
		{014F0814-986C-4F9B-9F4B-DF9916CC05E1}.Release|Any CPU.ActiveCfg = Release|Any CPU
		{014F0814-986C-4F9B-9F4B-DF9916CC05E1}.Release|Any CPU.Build.0 = Release|Any CPU
		{6AFEDEB6-BDD4-43C3-B2B4-9498B74724C7}.Debug|Any CPU.ActiveCfg = Debug|Any CPU
		{6AFEDEB6-BDD4-43C3-B2B4-9498B74724C7}.Debug|Any CPU.Build.0 = Debug|Any CPU
		{6AFEDEB6-BDD4-43C3-B2B4-9498B74724C7}.Release|Any CPU.ActiveCfg = Release|Any CPU
		{6AFEDEB6-BDD4-43C3-B2B4-9498B74724C7}.Release|Any CPU.Build.0 = Release|Any CPU
		{B4AD4929-D122-472C-970E-66A16F04F6B8}.Debug|Any CPU.ActiveCfg = Debug|Any CPU
		{B4AD4929-D122-472C-970E-66A16F04F6B8}.Debug|Any CPU.Build.0 = Debug|Any CPU
		{B4AD4929-D122-472C-970E-66A16F04F6B8}.Release|Any CPU.ActiveCfg = Release|Any CPU
		{B4AD4929-D122-472C-970E-66A16F04F6B8}.Release|Any CPU.Build.0 = Release|Any CPU
		{7E369B78-D63A-4549-AC83-AB74564F31D9}.Debug|Any CPU.ActiveCfg = Debug|Any CPU
		{7E369B78-D63A-4549-AC83-AB74564F31D9}.Debug|Any CPU.Build.0 = Debug|Any CPU
		{7E369B78-D63A-4549-AC83-AB74564F31D9}.Release|Any CPU.ActiveCfg = Release|Any CPU
		{7E369B78-D63A-4549-AC83-AB74564F31D9}.Release|Any CPU.Build.0 = Release|Any CPU
		{94A5B771-242C-4620-9492-B68FBD8F2F32}.Debug|Any CPU.ActiveCfg = Debug|Any CPU
		{94A5B771-242C-4620-9492-B68FBD8F2F32}.Debug|Any CPU.Build.0 = Debug|Any CPU
		{94A5B771-242C-4620-9492-B68FBD8F2F32}.Release|Any CPU.ActiveCfg = Release|Any CPU
		{94A5B771-242C-4620-9492-B68FBD8F2F32}.Release|Any CPU.Build.0 = Release|Any CPU
		{10538CAF-DD8B-449A-959E-B7A4DEB199F8}.Debug|Any CPU.ActiveCfg = Debug|Any CPU
		{10538CAF-DD8B-449A-959E-B7A4DEB199F8}.Debug|Any CPU.Build.0 = Debug|Any CPU
		{10538CAF-DD8B-449A-959E-B7A4DEB199F8}.Release|Any CPU.ActiveCfg = Release|Any CPU
		{10538CAF-DD8B-449A-959E-B7A4DEB199F8}.Release|Any CPU.Build.0 = Release|Any CPU
		{C08581DA-C222-4A5A-9D0A-F5F06E05DA3F}.Debug|Any CPU.ActiveCfg = Debug|Any CPU
		{C08581DA-C222-4A5A-9D0A-F5F06E05DA3F}.Debug|Any CPU.Build.0 = Debug|Any CPU
		{C08581DA-C222-4A5A-9D0A-F5F06E05DA3F}.Release|Any CPU.ActiveCfg = Release|Any CPU
		{C08581DA-C222-4A5A-9D0A-F5F06E05DA3F}.Release|Any CPU.Build.0 = Release|Any CPU
		{087ADF22-73C3-4E61-BC0E-EC810753A6F3}.Debug|Any CPU.ActiveCfg = Debug|Any CPU
		{087ADF22-73C3-4E61-BC0E-EC810753A6F3}.Debug|Any CPU.Build.0 = Debug|Any CPU
		{087ADF22-73C3-4E61-BC0E-EC810753A6F3}.Release|Any CPU.ActiveCfg = Release|Any CPU
		{087ADF22-73C3-4E61-BC0E-EC810753A6F3}.Release|Any CPU.Build.0 = Release|Any CPU
		{3D11DC29-809F-4ED5-A120-5C43BA44399A}.Debug|Any CPU.ActiveCfg = Debug|Any CPU
		{3D11DC29-809F-4ED5-A120-5C43BA44399A}.Debug|Any CPU.Build.0 = Debug|Any CPU
		{3D11DC29-809F-4ED5-A120-5C43BA44399A}.Release|Any CPU.ActiveCfg = Release|Any CPU
		{3D11DC29-809F-4ED5-A120-5C43BA44399A}.Release|Any CPU.Build.0 = Release|Any CPU
		{8F905FB1-FD2C-4274-BE13-9BD3869C1FDE}.Debug|Any CPU.ActiveCfg = Debug|Any CPU
		{8F905FB1-FD2C-4274-BE13-9BD3869C1FDE}.Debug|Any CPU.Build.0 = Debug|Any CPU
		{8F905FB1-FD2C-4274-BE13-9BD3869C1FDE}.Release|Any CPU.ActiveCfg = Release|Any CPU
		{8F905FB1-FD2C-4274-BE13-9BD3869C1FDE}.Release|Any CPU.Build.0 = Release|Any CPU
		{B7999A20-1CDE-4199-B7AE-A1813709D7AE}.Debug|Any CPU.ActiveCfg = Debug|Any CPU
		{B7999A20-1CDE-4199-B7AE-A1813709D7AE}.Debug|Any CPU.Build.0 = Debug|Any CPU
		{B7999A20-1CDE-4199-B7AE-A1813709D7AE}.Release|Any CPU.ActiveCfg = Release|Any CPU
		{B7999A20-1CDE-4199-B7AE-A1813709D7AE}.Release|Any CPU.Build.0 = Release|Any CPU
		{A10D1E52-62D9-42A2-B178-3D46554611F0}.Debug|Any CPU.ActiveCfg = Debug|Any CPU
		{A10D1E52-62D9-42A2-B178-3D46554611F0}.Debug|Any CPU.Build.0 = Debug|Any CPU
		{A10D1E52-62D9-42A2-B178-3D46554611F0}.Release|Any CPU.ActiveCfg = Release|Any CPU
		{A10D1E52-62D9-42A2-B178-3D46554611F0}.Release|Any CPU.Build.0 = Release|Any CPU
		{8C771B63-887F-4B29-93BC-BFD8A820BD88}.Debug|Any CPU.ActiveCfg = Debug|Any CPU
		{8C771B63-887F-4B29-93BC-BFD8A820BD88}.Debug|Any CPU.Build.0 = Debug|Any CPU
		{8C771B63-887F-4B29-93BC-BFD8A820BD88}.Release|Any CPU.ActiveCfg = Release|Any CPU
		{8C771B63-887F-4B29-93BC-BFD8A820BD88}.Release|Any CPU.Build.0 = Release|Any CPU
		{0568DE74-4737-4A1E-BEB3-E3079E5E003E}.Debug|Any CPU.ActiveCfg = Debug|Any CPU
		{0568DE74-4737-4A1E-BEB3-E3079E5E003E}.Debug|Any CPU.Build.0 = Debug|Any CPU
		{0568DE74-4737-4A1E-BEB3-E3079E5E003E}.Release|Any CPU.ActiveCfg = Release|Any CPU
		{0568DE74-4737-4A1E-BEB3-E3079E5E003E}.Release|Any CPU.Build.0 = Release|Any CPU
		{FB2D999E-BBF3-4CA3-B1C4-FEDAE8A88E94}.Debug|Any CPU.ActiveCfg = Debug|Any CPU
		{FB2D999E-BBF3-4CA3-B1C4-FEDAE8A88E94}.Debug|Any CPU.Build.0 = Debug|Any CPU
		{FB2D999E-BBF3-4CA3-B1C4-FEDAE8A88E94}.Release|Any CPU.ActiveCfg = Release|Any CPU
		{FB2D999E-BBF3-4CA3-B1C4-FEDAE8A88E94}.Release|Any CPU.Build.0 = Release|Any CPU
		{10D78DDE-06C8-4893-BE0C-F5050CC88170}.Debug|Any CPU.ActiveCfg = Debug|Any CPU
		{10D78DDE-06C8-4893-BE0C-F5050CC88170}.Debug|Any CPU.Build.0 = Debug|Any CPU
		{10D78DDE-06C8-4893-BE0C-F5050CC88170}.Release|Any CPU.ActiveCfg = Release|Any CPU
		{10D78DDE-06C8-4893-BE0C-F5050CC88170}.Release|Any CPU.Build.0 = Release|Any CPU
		{172361EF-7999-4215-9DDF-7DC0D8F36E16}.Debug|Any CPU.ActiveCfg = Debug|Any CPU
		{172361EF-7999-4215-9DDF-7DC0D8F36E16}.Debug|Any CPU.Build.0 = Debug|Any CPU
		{172361EF-7999-4215-9DDF-7DC0D8F36E16}.Release|Any CPU.ActiveCfg = Release|Any CPU
		{172361EF-7999-4215-9DDF-7DC0D8F36E16}.Release|Any CPU.Build.0 = Release|Any CPU
		{82012526-A16B-47D4-B9F0-B5CF2735F18D}.Debug|Any CPU.ActiveCfg = Debug|Any CPU
		{82012526-A16B-47D4-B9F0-B5CF2735F18D}.Debug|Any CPU.Build.0 = Debug|Any CPU
		{82012526-A16B-47D4-B9F0-B5CF2735F18D}.Release|Any CPU.ActiveCfg = Release|Any CPU
		{82012526-A16B-47D4-B9F0-B5CF2735F18D}.Release|Any CPU.Build.0 = Release|Any CPU
		{D8F39159-3D44-4127-A4D9-83EB26FA108E}.Debug|Any CPU.ActiveCfg = Debug|Any CPU
		{D8F39159-3D44-4127-A4D9-83EB26FA108E}.Debug|Any CPU.Build.0 = Debug|Any CPU
		{D8F39159-3D44-4127-A4D9-83EB26FA108E}.Release|Any CPU.ActiveCfg = Release|Any CPU
		{D8F39159-3D44-4127-A4D9-83EB26FA108E}.Release|Any CPU.Build.0 = Release|Any CPU
		{73572BC1-82ED-44F8-95F0-A73B3A8A0F3D}.Debug|Any CPU.ActiveCfg = Debug|Any CPU
		{73572BC1-82ED-44F8-95F0-A73B3A8A0F3D}.Debug|Any CPU.Build.0 = Debug|Any CPU
		{73572BC1-82ED-44F8-95F0-A73B3A8A0F3D}.Release|Any CPU.ActiveCfg = Release|Any CPU
		{73572BC1-82ED-44F8-95F0-A73B3A8A0F3D}.Release|Any CPU.Build.0 = Release|Any CPU
		{3D6637BA-74DE-4512-B4A8-7543EEC460FA}.Debug|Any CPU.ActiveCfg = Debug|Any CPU
		{3D6637BA-74DE-4512-B4A8-7543EEC460FA}.Debug|Any CPU.Build.0 = Debug|Any CPU
		{3D6637BA-74DE-4512-B4A8-7543EEC460FA}.Release|Any CPU.ActiveCfg = Release|Any CPU
		{3D6637BA-74DE-4512-B4A8-7543EEC460FA}.Release|Any CPU.Build.0 = Release|Any CPU
		{CF022589-214B-4B86-B492-E76B25CB7E01}.Debug|Any CPU.ActiveCfg = Debug|Any CPU
		{CF022589-214B-4B86-B492-E76B25CB7E01}.Debug|Any CPU.Build.0 = Debug|Any CPU
		{CF022589-214B-4B86-B492-E76B25CB7E01}.Release|Any CPU.ActiveCfg = Release|Any CPU
		{CF022589-214B-4B86-B492-E76B25CB7E01}.Release|Any CPU.Build.0 = Release|Any CPU
		{316F9FB7-F48F-4F45-9DE3-ED5DBAA5ECF5}.Debug|Any CPU.ActiveCfg = Debug|Any CPU
		{316F9FB7-F48F-4F45-9DE3-ED5DBAA5ECF5}.Debug|Any CPU.Build.0 = Debug|Any CPU
		{316F9FB7-F48F-4F45-9DE3-ED5DBAA5ECF5}.Release|Any CPU.ActiveCfg = Release|Any CPU
		{316F9FB7-F48F-4F45-9DE3-ED5DBAA5ECF5}.Release|Any CPU.Build.0 = Release|Any CPU
		{895160DA-E250-4A9C-86B4-0E1306099645}.Debug|Any CPU.ActiveCfg = Debug|Any CPU
		{895160DA-E250-4A9C-86B4-0E1306099645}.Debug|Any CPU.Build.0 = Debug|Any CPU
		{895160DA-E250-4A9C-86B4-0E1306099645}.Release|Any CPU.ActiveCfg = Release|Any CPU
		{895160DA-E250-4A9C-86B4-0E1306099645}.Release|Any CPU.Build.0 = Release|Any CPU
		{33ECA7B1-5789-4D16-92EE-26B9F3B957EE}.Debug|Any CPU.ActiveCfg = Debug|Any CPU
		{33ECA7B1-5789-4D16-92EE-26B9F3B957EE}.Debug|Any CPU.Build.0 = Debug|Any CPU
		{33ECA7B1-5789-4D16-92EE-26B9F3B957EE}.Release|Any CPU.ActiveCfg = Release|Any CPU
		{33ECA7B1-5789-4D16-92EE-26B9F3B957EE}.Release|Any CPU.Build.0 = Release|Any CPU
		{001AD90C-0BD0-47DF-B85D-3900C76BE75E}.Debug|Any CPU.ActiveCfg = Debug|Any CPU
		{001AD90C-0BD0-47DF-B85D-3900C76BE75E}.Debug|Any CPU.Build.0 = Debug|Any CPU
		{001AD90C-0BD0-47DF-B85D-3900C76BE75E}.Release|Any CPU.ActiveCfg = Release|Any CPU
		{001AD90C-0BD0-47DF-B85D-3900C76BE75E}.Release|Any CPU.Build.0 = Release|Any CPU
		{A64B6BFE-02D4-4697-BCB2-FD002B7315B4}.Debug|Any CPU.ActiveCfg = Debug|Any CPU
		{A64B6BFE-02D4-4697-BCB2-FD002B7315B4}.Debug|Any CPU.Build.0 = Debug|Any CPU
		{A64B6BFE-02D4-4697-BCB2-FD002B7315B4}.Release|Any CPU.ActiveCfg = Release|Any CPU
		{A64B6BFE-02D4-4697-BCB2-FD002B7315B4}.Release|Any CPU.Build.0 = Release|Any CPU
		{E5CDC5AD-FDD1-481C-98F8-7431D3A541EA}.Debug|Any CPU.ActiveCfg = Debug|Any CPU
		{E5CDC5AD-FDD1-481C-98F8-7431D3A541EA}.Debug|Any CPU.Build.0 = Debug|Any CPU
		{E5CDC5AD-FDD1-481C-98F8-7431D3A541EA}.Release|Any CPU.ActiveCfg = Release|Any CPU
		{E5CDC5AD-FDD1-481C-98F8-7431D3A541EA}.Release|Any CPU.Build.0 = Release|Any CPU
		{0CC892D3-09ED-4EEC-971A-155746527100}.Debug|Any CPU.ActiveCfg = Debug|Any CPU
		{0CC892D3-09ED-4EEC-971A-155746527100}.Debug|Any CPU.Build.0 = Debug|Any CPU
		{0CC892D3-09ED-4EEC-971A-155746527100}.Release|Any CPU.ActiveCfg = Release|Any CPU
		{0CC892D3-09ED-4EEC-971A-155746527100}.Release|Any CPU.Build.0 = Release|Any CPU
		{38196FB3-3FC5-45BD-9706-CED8C853DDFD}.Debug|Any CPU.ActiveCfg = Debug|Any CPU
		{38196FB3-3FC5-45BD-9706-CED8C853DDFD}.Debug|Any CPU.Build.0 = Debug|Any CPU
		{38196FB3-3FC5-45BD-9706-CED8C853DDFD}.Release|Any CPU.ActiveCfg = Release|Any CPU
		{38196FB3-3FC5-45BD-9706-CED8C853DDFD}.Release|Any CPU.Build.0 = Release|Any CPU
		{9AB796A8-101C-4D5C-878D-BAA975315DBD}.Debug|Any CPU.ActiveCfg = Debug|Any CPU
		{9AB796A8-101C-4D5C-878D-BAA975315DBD}.Debug|Any CPU.Build.0 = Debug|Any CPU
		{9AB796A8-101C-4D5C-878D-BAA975315DBD}.Release|Any CPU.ActiveCfg = Release|Any CPU
		{9AB796A8-101C-4D5C-878D-BAA975315DBD}.Release|Any CPU.Build.0 = Release|Any CPU
		{95927D9C-9D07-4842-9D0D-C349DAA5339B}.Debug|Any CPU.ActiveCfg = Debug|Any CPU
		{95927D9C-9D07-4842-9D0D-C349DAA5339B}.Debug|Any CPU.Build.0 = Debug|Any CPU
		{95927D9C-9D07-4842-9D0D-C349DAA5339B}.Release|Any CPU.ActiveCfg = Release|Any CPU
		{95927D9C-9D07-4842-9D0D-C349DAA5339B}.Release|Any CPU.Build.0 = Release|Any CPU
		{0F48935A-361E-4556-A8C4-03A3E7EBBB43}.Debug|Any CPU.ActiveCfg = Debug|Any CPU
		{0F48935A-361E-4556-A8C4-03A3E7EBBB43}.Debug|Any CPU.Build.0 = Debug|Any CPU
		{0F48935A-361E-4556-A8C4-03A3E7EBBB43}.Release|Any CPU.ActiveCfg = Release|Any CPU
		{0F48935A-361E-4556-A8C4-03A3E7EBBB43}.Release|Any CPU.Build.0 = Release|Any CPU
		{5CEEB449-AFCF-4242-B19E-BFA8B5E86E57}.Debug|Any CPU.ActiveCfg = Debug|Any CPU
		{5CEEB449-AFCF-4242-B19E-BFA8B5E86E57}.Debug|Any CPU.Build.0 = Debug|Any CPU
		{5CEEB449-AFCF-4242-B19E-BFA8B5E86E57}.Release|Any CPU.ActiveCfg = Release|Any CPU
		{5CEEB449-AFCF-4242-B19E-BFA8B5E86E57}.Release|Any CPU.Build.0 = Release|Any CPU
		{4925BB52-55A7-424A-887D-BCCFDFD42383}.Debug|Any CPU.ActiveCfg = Debug|Any CPU
		{4925BB52-55A7-424A-887D-BCCFDFD42383}.Debug|Any CPU.Build.0 = Debug|Any CPU
		{4925BB52-55A7-424A-887D-BCCFDFD42383}.Release|Any CPU.ActiveCfg = Release|Any CPU
		{4925BB52-55A7-424A-887D-BCCFDFD42383}.Release|Any CPU.Build.0 = Release|Any CPU
		{20BA6021-AF96-4B60-BC4B-708F92CF266B}.Debug|Any CPU.ActiveCfg = Debug|Any CPU
		{20BA6021-AF96-4B60-BC4B-708F92CF266B}.Debug|Any CPU.Build.0 = Debug|Any CPU
		{20BA6021-AF96-4B60-BC4B-708F92CF266B}.Release|Any CPU.ActiveCfg = Release|Any CPU
		{20BA6021-AF96-4B60-BC4B-708F92CF266B}.Release|Any CPU.Build.0 = Release|Any CPU
	EndGlobalSection
	GlobalSection(NestedProjects) = preSolution
		{F7DF97B8-453C-4B12-8CDD-3498AC7CE26E} = {32C7F79A-FB37-445B-B08B-63DADCAAB354}
		{3BD53B27-E0EC-4826-B1AE-C8FCA074A404} = {0929155E-6931-48C5-9590-51A4CA667657}
		{CCCEF029-94E5-4EF0-998D-4BC92BF0A0E8} = {3BD53B27-E0EC-4826-B1AE-C8FCA074A404}
		{6BDAFEE8-87A2-4DB8-97B1-A7D7F4FDF5D3} = {CCCEF029-94E5-4EF0-998D-4BC92BF0A0E8}
		{96EEF702-5043-458C-95C6-4BC06920A705} = {CCCEF029-94E5-4EF0-998D-4BC92BF0A0E8}
		{6E6E87CB-0FC9-4DE4-A3F6-73D7ED0F8E7F} = {CCCEF029-94E5-4EF0-998D-4BC92BF0A0E8}
		{A63D31EE-0ED8-4A9E-8A2E-9B5D7B3C0B11} = {CCCEF029-94E5-4EF0-998D-4BC92BF0A0E8}
		{297C6206-7115-4B63-B1AA-ABF134AF64A4} = {1CB377A7-6902-4181-92DD-D445F8A6499D}
		{01A4D551-1C62-4334-88AF-3E8F88198B82} = {1CB377A7-6902-4181-92DD-D445F8A6499D}
		{D3377078-1690-46BD-913F-70CE862DDE56} = {1CB377A7-6902-4181-92DD-D445F8A6499D}
		{31C4C362-5BA9-45B8-8AAB-20B13ECB98CA} = {1CB377A7-6902-4181-92DD-D445F8A6499D}
		{4DA4B6D5-C9BC-4E17-BB4D-C13BB2710F50} = {1CB377A7-6902-4181-92DD-D445F8A6499D}
		{12308400-A58E-4B99-BE7B-C2FB3BEAD4D9} = {1CB377A7-6902-4181-92DD-D445F8A6499D}
		{2A5F2446-9A20-4AB4-B26D-022A98731CFA} = {1CB377A7-6902-4181-92DD-D445F8A6499D}
		{B74A1E9A-7C36-4D4A-A5F8-2D9C84F0E21A} = {1CB377A7-6902-4181-92DD-D445F8A6499D}
		{C85B2FAB-8D47-4E5B-B6A9-3EA5D9F1A32B} = {1CB377A7-6902-4181-92DD-D445F8A6499D}
		{D6E0A8B1-0D4D-4F7B-9C9B-6F2B3D8E4A10} = {1CB377A7-6902-4181-92DD-D445F8A6499D}
		{5CDC9FA9-64C4-4721-AAE1-2CD9C0200834} = {0929155E-6931-48C5-9590-51A4CA667657}
		{014F0814-986C-4F9B-9F4B-DF9916CC05E1} = {5CDC9FA9-64C4-4721-AAE1-2CD9C0200834}
		{6AFEDEB6-BDD4-43C3-B2B4-9498B74724C7} = {5CDC9FA9-64C4-4721-AAE1-2CD9C0200834}
		{B4AD4929-D122-472C-970E-66A16F04F6B8} = {5CDC9FA9-64C4-4721-AAE1-2CD9C0200834}
		{7E369B78-D63A-4549-AC83-AB74564F31D9} = {1CB377A7-6902-4181-92DD-D445F8A6499D}
		{94A5B771-242C-4620-9492-B68FBD8F2F32} = {1CB377A7-6902-4181-92DD-D445F8A6499D}
		{10538CAF-DD8B-449A-959E-B7A4DEB199F8} = {1CB377A7-6902-4181-92DD-D445F8A6499D}
		{AF900242-B54A-467D-AEE2-D915A9A0C7F2} = {32C7F79A-FB37-445B-B08B-63DADCAAB354}
		{C08581DA-C222-4A5A-9D0A-F5F06E05DA3F} = {AF900242-B54A-467D-AEE2-D915A9A0C7F2}
		{087ADF22-73C3-4E61-BC0E-EC810753A6F3} = {AF900242-B54A-467D-AEE2-D915A9A0C7F2}
		{3D11DC29-809F-4ED5-A120-5C43BA44399A} = {AF900242-B54A-467D-AEE2-D915A9A0C7F2}
		{BEB67969-F046-413D-9421-B8DDF4F2865E} = {0929155E-6931-48C5-9590-51A4CA667657}
		{8F905FB1-FD2C-4274-BE13-9BD3869C1FDE} = {BEB67969-F046-413D-9421-B8DDF4F2865E}
		{D85F7774-1D86-5877-9E07-8413CBBA9D7F} = {0929155E-6931-48C5-9590-51A4CA667657}
		{B7999A20-1CDE-4199-B7AE-A1813709D7AE} = {D85F7774-1D86-5877-9E07-8413CBBA9D7F}
		{1EDA829A-C233-4083-9078-3240295A0ED5} = {0929155E-6931-48C5-9590-51A4CA667657}
		{A10D1E52-62D9-42A2-B178-3D46554611F0} = {1EDA829A-C233-4083-9078-3240295A0ED5}
		{8C771B63-887F-4B29-93BC-BFD8A820BD88} = {AF900242-B54A-467D-AEE2-D915A9A0C7F2}
		{0568DE74-4737-4A1E-BEB3-E3079E5E003E} = {1CB377A7-6902-4181-92DD-D445F8A6499D}
		{FB2D999E-BBF3-4CA3-B1C4-FEDAE8A88E94} = {32C7F79A-FB37-445B-B08B-63DADCAAB354}
		{10D78DDE-06C8-4893-BE0C-F5050CC88170} = {32C7F79A-FB37-445B-B08B-63DADCAAB354}
		{172361EF-7999-4215-9DDF-7DC0D8F36E16} = {1CB377A7-6902-4181-92DD-D445F8A6499D}
		{82012526-A16B-47D4-B9F0-B5CF2735F18D} = {32C7F79A-FB37-445B-B08B-63DADCAAB354}
		{AC79D0C2-CEB3-4887-97B3-E57E0BA2D314} = {0929155E-6931-48C5-9590-51A4CA667657}
		{D8F39159-3D44-4127-A4D9-83EB26FA108E} = {AC79D0C2-CEB3-4887-97B3-E57E0BA2D314}
		{73572BC1-82ED-44F8-95F0-A73B3A8A0F3D} = {1CB377A7-6902-4181-92DD-D445F8A6499D}
		{3E4DF3FB-BCE2-42F3-8065-1270F95ED52F} = {32C7F79A-FB37-445B-B08B-63DADCAAB354}
		{3D6637BA-74DE-4512-B4A8-7543EEC460FA} = {3E4DF3FB-BCE2-42F3-8065-1270F95ED52F}
		{CF022589-214B-4B86-B492-E76B25CB7E01} = {AC79D0C2-CEB3-4887-97B3-E57E0BA2D314}
		{C54CF608-89C8-4BCB-8C31-9BE21E83EA2D} = {0929155E-6931-48C5-9590-51A4CA667657}
		{316F9FB7-F48F-4F45-9DE3-ED5DBAA5ECF5} = {C54CF608-89C8-4BCB-8C31-9BE21E83EA2D}
		{895160DA-E250-4A9C-86B4-0E1306099645} = {C54CF608-89C8-4BCB-8C31-9BE21E83EA2D}
		{33ECA7B1-5789-4D16-92EE-26B9F3B957EE} = {3E4DF3FB-BCE2-42F3-8065-1270F95ED52F}
		{001AD90C-0BD0-47DF-B85D-3900C76BE75E} = {1EDA829A-C233-4083-9078-3240295A0ED5}
		{A64B6BFE-02D4-4697-BCB2-FD002B7315B4} = {1CB377A7-6902-4181-92DD-D445F8A6499D}
		{E5CDC5AD-FDD1-481C-98F8-7431D3A541EA} = {5CDC9FA9-64C4-4721-AAE1-2CD9C0200834}
		{E88D09F9-6FAC-5759-BCB9-1DB10602238F} = {3BD53B27-E0EC-4826-B1AE-C8FCA074A404}
		{0CC892D3-09ED-4EEC-971A-155746527100} = {E88D09F9-6FAC-5759-BCB9-1DB10602238F}
		{38196FB3-3FC5-45BD-9706-CED8C853DDFD} = {CCCEF029-94E5-4EF0-998D-4BC92BF0A0E8}
		{9AB796A8-101C-4D5C-878D-BAA975315DBD} = {CCCEF029-94E5-4EF0-998D-4BC92BF0A0E8}
		{95927D9C-9D07-4842-9D0D-C349DAA5339B} = {CCCEF029-94E5-4EF0-998D-4BC92BF0A0E8}
		{0F48935A-361E-4556-A8C4-03A3E7EBBB43} = {BEB67969-F046-413D-9421-B8DDF4F2865E}
		{5CEEB449-AFCF-4242-B19E-BFA8B5E86E57} = {1CB377A7-6902-4181-92DD-D445F8A6499D}
		{1F202E0F-FB95-5E54-8F74-E2B8CBCFDC41} = {3BD53B27-E0EC-4826-B1AE-C8FCA074A404}
		{4925BB52-55A7-424A-887D-BCCFDFD42383} = {1F202E0F-FB95-5E54-8F74-E2B8CBCFDC41}
		{20BA6021-AF96-4B60-BC4B-708F92CF266B} = {3E4DF3FB-BCE2-42F3-8065-1270F95ED52F}
	EndGlobalSection
EndGlobal
