
Microsoft Visual Studio Solution File, Format Version 12.00
# Visual Studio Version 17
VisualStudioVersion = 17.0.31903.59
MinimumVisualStudioVersion = 10.0.40219.1
Project("{2150E333-8FDC-42A3-9474-1A3956D46DE8}") = "src", "src", "{32C7F79A-FB37-445B-B08B-63DADCAAB354}"
EndProject
Project("{FAE04EC0-301F-11D3-BF4B-00C04F79EFBC}") = "FgoPet.Core", "src\FgoPet.Core\FgoPet.Core.csproj", "{9A59E70C-3392-4B32-91A0-8BE8072367AC}"
EndProject
Project("{FAE04EC0-301F-11D3-BF4B-00C04F79EFBC}") = "FgoPet.Infrastructure", "src\FgoPet.Infrastructure\FgoPet.Infrastructure.csproj", "{4E734497-C67F-4A22-8E8D-78FB947AE5FB}"
EndProject
Project("{FAE04EC0-301F-11D3-BF4B-00C04F79EFBC}") = "FgoPet.App", "src\FgoPet.App\FgoPet.App.csproj", "{F7DF97B8-453C-4B12-8CDD-3498AC7CE26E}"
EndProject
Project("{FAE04EC0-301F-11D3-BF4B-00C04F79EFBC}") = "FgoPet.AgentProtocol", "modules\agent-integration\src\FgoPet.AgentProtocol\FgoPet.AgentProtocol.csproj", "{6BDAFEE8-87A2-4DB8-97B1-A7D7F4FDF5D3}"
EndProject
Project("{FAE04EC0-301F-11D3-BF4B-00C04F79EFBC}") = "FgoPet.AgentRuntime", "modules\agent-integration\src\FgoPet.AgentRuntime\FgoPet.AgentRuntime.csproj", "{96EEF702-5043-458C-95C6-4BC06920A705}"
EndProject
Project("{FAE04EC0-301F-11D3-BF4B-00C04F79EFBC}") = "FgoPet.AgentRelay", "modules\agent-integration\src\FgoPet.AgentRelay\FgoPet.AgentRelay.csproj", "{6E6E87CB-0FC9-4DE4-A3F6-73D7ED0F8E7F}"
EndProject
Project("{FAE04EC0-301F-11D3-BF4B-00C04F79EFBC}") = "FgoPet.CodexAdapter", "modules\agent-integration\src\FgoPet.CodexAdapter\FgoPet.CodexAdapter.csproj", "{A63D31EE-0ED8-4A9E-8A2E-9B5D7B3C0B11}"
EndProject
Project("{2150E333-8FDC-42A3-9474-1A3956D46DE8}") = "tests", "tests", "{1CB377A7-6902-4181-92DD-D445F8A6499D}"
EndProject
Project("{FAE04EC0-301F-11D3-BF4B-00C04F79EFBC}") = "FgoPet.Core.Tests", "tests\FgoPet.Core.Tests\FgoPet.Core.Tests.csproj", "{297C6206-7115-4B63-B1AA-ABF134AF64A4}"
EndProject
Project("{FAE04EC0-301F-11D3-BF4B-00C04F79EFBC}") = "FgoPet.Infrastructure.Tests", "tests\FgoPet.Infrastructure.Tests\FgoPet.Infrastructure.Tests.csproj", "{01A4D551-1C62-4334-88AF-3E8F88198B82}"
EndProject
Project("{FAE04EC0-301F-11D3-BF4B-00C04F79EFBC}") = "FgoPet.App.Tests", "tests\FgoPet.App.Tests\FgoPet.App.Tests.csproj", "{D3377078-1690-46BD-913F-70CE862DDE56}"
EndProject
Project("{FAE04EC0-301F-11D3-BF4B-00C04F79EFBC}") = "FgoPet.Windows.Tests", "tests\FgoPet.Windows.Tests\FgoPet.Windows.Tests.csproj", "{31C4C362-5BA9-45B8-8AAB-20B13ECB98CA}"
EndProject
Project("{FAE04EC0-301F-11D3-BF4B-00C04F79EFBC}") = "FgoPet.AgentProtocol.Tests", "modules\agent-integration\tests\FgoPet.AgentProtocol.Tests\FgoPet.AgentProtocol.Tests.csproj", "{4DA4B6D5-C9BC-4E17-BB4D-C13BB2710F50}"
EndProject
Project("{FAE04EC0-301F-11D3-BF4B-00C04F79EFBC}") = "FgoPet.AgentRuntime.Tests", "modules\agent-integration\tests\FgoPet.AgentRuntime.Tests\FgoPet.AgentRuntime.Tests.csproj", "{12308400-A58E-4B99-BE7B-C2FB3BEAD4D9}"
EndProject
Project("{FAE04EC0-301F-11D3-BF4B-00C04F79EFBC}") = "FgoPet.AgentRelay.Tests", "modules\agent-integration\tests\FgoPet.AgentRelay.Tests\FgoPet.AgentRelay.Tests.csproj", "{2A5F2446-9A20-4AB4-B26D-022A98731CFA}"
EndProject
Project("{FAE04EC0-301F-11D3-BF4B-00C04F79EFBC}") = "FgoPet.CodexAdapter.Tests", "modules\agent-integration\tests\FgoPet.CodexAdapter.Tests\FgoPet.CodexAdapter.Tests.csproj", "{B74A1E9A-7C36-4D4A-A5F8-2D9C84F0E21A}"
EndProject
Project("{FAE04EC0-301F-11D3-BF4B-00C04F79EFBC}") = "FgoPet.EndToEnd.Tests", "tests\FgoPet.EndToEnd.Tests\FgoPet.EndToEnd.Tests.csproj", "{C85B2FAB-8D47-4E5B-B6A9-3EA5D9F1A32B}"
EndProject
Project("{FAE04EC0-301F-11D3-BF4B-00C04F79EFBC}") = "FgoPet.Architecture.Tests", "tests\FgoPet.Architecture.Tests\FgoPet.Architecture.Tests.csproj", "{D6E0A8B1-0D4D-4F7B-9C9B-6F2B3D8E4A10}"
EndProject
Project("{FAE04EC0-301F-11D3-BF4B-00C04F79EFBC}") = "FgoPet.Speech.Core", "modules\speech\src\FgoPet.Speech.Core\FgoPet.Speech.Core.csproj", "{014F0814-986C-4F9B-9F4B-DF9916CC05E1}"
EndProject
Project("{FAE04EC0-301F-11D3-BF4B-00C04F79EFBC}") = "FgoPet.Speech.Infrastructure", "modules\speech\src\FgoPet.Speech.Infrastructure\FgoPet.Speech.Infrastructure.csproj", "{6AFEDEB6-BDD4-43C3-B2B4-9498B74724C7}"
EndProject
Project("{FAE04EC0-301F-11D3-BF4B-00C04F79EFBC}") = "FgoPet.Speech.Desktop", "modules\speech\src\FgoPet.Speech.Desktop\FgoPet.Speech.Desktop.csproj", "{B4AD4929-D122-472C-970E-66A16F04F6B8}"
EndProject
Project("{FAE04EC0-301F-11D3-BF4B-00C04F79EFBC}") = "FgoPet.Speech.Core.Tests", "modules\speech\tests\FgoPet.Speech.Core.Tests\FgoPet.Speech.Core.Tests.csproj", "{7E369B78-D63A-4549-AC83-AB74564F31D9}"
EndProject
Project("{FAE04EC0-301F-11D3-BF4B-00C04F79EFBC}") = "FgoPet.Speech.Infrastructure.Tests", "modules\speech\tests\FgoPet.Speech.Infrastructure.Tests\FgoPet.Speech.Infrastructure.Tests.csproj", "{94A5B771-242C-4620-9492-B68FBD8F2F32}"
EndProject
Project("{FAE04EC0-301F-11D3-BF4B-00C04F79EFBC}") = "FgoPet.Speech.Desktop.Tests", "modules\speech\tests\FgoPet.Speech.Desktop.Tests\FgoPet.Speech.Desktop.Tests.csproj", "{10538CAF-DD8B-449A-959E-B7A4DEB199F8}"
EndProject
Project("{2150E333-8FDC-42A3-9474-1A3956D46DE8}") = "host", "host", "{AF900242-B54A-467D-AEE2-D915A9A0C7F2}"
EndProject
Project("{2150E333-8FDC-42A3-9474-1A3956D46DE8}") = "DesktopShell", "DesktopShell", "{E0354BD5-4A56-427F-89CE-D4AF36E1EFF8}"
EndProject
Project("{2150E333-8FDC-42A3-9474-1A3956D46DE8}") = "src", "src", "{5B6FDDA9-81D0-474E-A6A2-E02863F3169E}"
EndProject
Project("{FAE04EC0-301F-11D3-BF4B-00C04F79EFBC}") = "FgoPet.HostContracts", "host\DesktopShell\src\FgoPet.HostContracts\FgoPet.HostContracts.csproj", "{C08581DA-C222-4A5A-9D0A-F5F06E05DA3F}"
EndProject
Project("{FAE04EC0-301F-11D3-BF4B-00C04F79EFBC}") = "FgoPet.DesktopShell", "host\DesktopShell\src\FgoPet.DesktopShell\FgoPet.DesktopShell.csproj", "{087ADF22-73C3-4E61-BC0E-EC810753A6F3}"
EndProject
Project("{2150E333-8FDC-42A3-9474-1A3956D46DE8}") = "DataManagement", "DataManagement", "{A0F38BD6-BE6B-480C-A4E9-11AE3000A104}"
EndProject
Project("{2150E333-8FDC-42A3-9474-1A3956D46DE8}") = "src", "src", "{7E9AB315-D4E2-45B4-ABFD-5132F03C1416}"
EndProject
Project("{FAE04EC0-301F-11D3-BF4B-00C04F79EFBC}") = "FgoPet.DataManagement", "host\DataManagement\src\FgoPet.DataManagement\FgoPet.DataManagement.csproj", "{3D11DC29-809F-4ED5-A120-5C43BA44399A}"
EndProject
Project("{2150E333-8FDC-42A3-9474-1A3956D46DE8}") = "modules", "modules", "{8E3672ED-B7DF-4A6B-BD7B-CED745C3EF4B}"
EndProject
Project("{2150E333-8FDC-42A3-9474-1A3956D46DE8}") = "character", "character", "{9486C278-2EC8-4947-A333-C7FF09856162}"
EndProject
Project("{2150E333-8FDC-42A3-9474-1A3956D46DE8}") = "src", "src", "{F4FF9340-EC5B-48BF-93B7-A3F3DFD5738B}"
EndProject
Project("{FAE04EC0-301F-11D3-BF4B-00C04F79EFBC}") = "FgoPet.Character", "modules\character\src\FgoPet.Character\FgoPet.Character.csproj", "{8F905FB1-FD2C-4274-BE13-9BD3869C1FDE}"
EndProject
Project("{2150E333-8FDC-42A3-9474-1A3956D46DE8}") = "dialogue", "dialogue", "{5B75FD32-4341-464C-AD72-D27630DA0153}"
EndProject
Project("{2150E333-8FDC-42A3-9474-1A3956D46DE8}") = "src", "src", "{CEB7F62E-9CAE-49C5-9266-480E39772D69}"
EndProject
Project("{FAE04EC0-301F-11D3-BF4B-00C04F79EFBC}") = "FgoPet.Dialogue", "modules\dialogue\src\FgoPet.Dialogue\FgoPet.Dialogue.csproj", "{B7999A20-1CDE-4199-B7AE-A1813709D7AE}"
EndProject
Project("{2150E333-8FDC-42A3-9474-1A3956D46DE8}") = "focus", "focus", "{974D1C7A-41B7-4F0E-B955-6A129B5E50D8}"
EndProject
Project("{2150E333-8FDC-42A3-9474-1A3956D46DE8}") = "src", "src", "{E854FC7A-9A69-4DCC-8D58-D076A2CCB411}"
EndProject
Project("{FAE04EC0-301F-11D3-BF4B-00C04F79EFBC}") = "FgoPet.Focus", "modules\focus\src\FgoPet.Focus\FgoPet.Focus.csproj", "{F73B46A0-FF2A-4C9A-AE40-C3E8F802C0A1}"
EndProject
Project("{2150E333-8FDC-42A3-9474-1A3956D46DE8}") = "memory", "memory", "{C39F1328-BE3C-4381-9BC8-77E4697351FA}"
EndProject
Project("{2150E333-8FDC-42A3-9474-1A3956D46DE8}") = "src", "src", "{152EFBE0-0847-4EB4-814C-B40FC79C8076}"
EndProject
Project("{FAE04EC0-301F-11D3-BF4B-00C04F79EFBC}") = "FgoPet.Memory", "modules\memory\src\FgoPet.Memory\FgoPet.Memory.csproj", "{A10D1E52-62D9-42A2-B178-3D46554611F0}"
EndProject
Project("{2150E333-8FDC-42A3-9474-1A3956D46DE8}") = "work", "work", "{01CC5B7A-8004-4184-8C1A-A200FFEE4354}"
EndProject
Project("{2150E333-8FDC-42A3-9474-1A3956D46DE8}") = "Todo", "Todo", "{16FC6D58-EC94-4C9A-B920-D340DF9FD5FD}"
EndProject
Project("{2150E333-8FDC-42A3-9474-1A3956D46DE8}") = "src", "src", "{EB6FE890-D8DC-4AAA-9FB5-C26FB236D7ED}"
EndProject
Project("{FAE04EC0-301F-11D3-BF4B-00C04F79EFBC}") = "FgoPet.Work.Todo", "modules\work\Todo\src\FgoPet.Work.Todo\FgoPet.Work.Todo.csproj", "{8823CCE9-E5E4-466D-A9FA-AEB10842CE93}"
EndProject
Project("{2150E333-8FDC-42A3-9474-1A3956D46DE8}") = "Execution", "Execution", "{5B886691-B6FE-4022-B09A-629B0BC07FFA}"
EndProject
Project("{2150E333-8FDC-42A3-9474-1A3956D46DE8}") = "src", "src", "{43FD3DDA-F589-4550-8458-DDE5293437A4}"
EndProject
Project("{FAE04EC0-301F-11D3-BF4B-00C04F79EFBC}") = "FgoPet.Work.Execution", "modules\work\Execution\src\FgoPet.Work.Execution\FgoPet.Work.Execution.csproj", "{437B2EAB-CC34-4AE3-872F-A8AE4CAD3B1C}"
EndProject
Project("{2150E333-8FDC-42A3-9474-1A3956D46DE8}") = "Archives", "Archives", "{B8CCD72D-7B99-457C-89E6-823E57DFC954}"
EndProject
Project("{2150E333-8FDC-42A3-9474-1A3956D46DE8}") = "src", "src", "{5EE4A966-39C9-4D25-A6A0-974EBEC12948}"
EndProject
Project("{FAE04EC0-301F-11D3-BF4B-00C04F79EFBC}") = "FgoPet.Work.Archives", "modules\work\Archives\src\FgoPet.Work.Archives\FgoPet.Work.Archives.csproj", "{0C547999-BB18-4C4A-AABB-2D6897FA1F4A}"
EndProject
Project("{2150E333-8FDC-42A3-9474-1A3956D46DE8}") = "ui-foundation", "ui-foundation", "{472D5FEF-B5AA-46E2-94C7-ED635532FB3B}"
EndProject
Project("{2150E333-8FDC-42A3-9474-1A3956D46DE8}") = "src", "src", "{5EA8A388-D854-4E3F-9DBB-E271F678E034}"
EndProject
Project("{FAE04EC0-301F-11D3-BF4B-00C04F79EFBC}") = "FgoPet.UiFoundation", "ui-foundation\src\FgoPet.UiFoundation\FgoPet.UiFoundation.csproj", "{D2E09B1E-060F-41F5-8234-276C4CBFDB72}"
EndProject
Global
	GlobalSection(SolutionConfigurationPlatforms) = preSolution
		Debug|Any CPU = Debug|Any CPU
		Release|Any CPU = Release|Any CPU
	EndGlobalSection
	GlobalSection(SolutionProperties) = preSolution
		HideSolutionNode = FALSE
	EndGlobalSection
	GlobalSection(ProjectConfigurationPlatforms) = postSolution
		{9A59E70C-3392-4B32-91A0-8BE8072367AC}.Debug|Any CPU.ActiveCfg = Debug|Any CPU
		{9A59E70C-3392-4B32-91A0-8BE8072367AC}.Debug|Any CPU.Build.0 = Debug|Any CPU
		{9A59E70C-3392-4B32-91A0-8BE8072367AC}.Release|Any CPU.ActiveCfg = Release|Any CPU
		{9A59E70C-3392-4B32-91A0-8BE8072367AC}.Release|Any CPU.Build.0 = Release|Any CPU
		{4E734497-C67F-4A22-8E8D-78FB947AE5FB}.Debug|Any CPU.ActiveCfg = Debug|Any CPU
		{4E734497-C67F-4A22-8E8D-78FB947AE5FB}.Debug|Any CPU.Build.0 = Debug|Any CPU
		{4E734497-C67F-4A22-8E8D-78FB947AE5FB}.Release|Any CPU.ActiveCfg = Release|Any CPU
		{4E734497-C67F-4A22-8E8D-78FB947AE5FB}.Release|Any CPU.Build.0 = Release|Any CPU
		{F7DF97B8-453C-4B12-8CDD-3498AC7CE26E}.Debug|Any CPU.ActiveCfg = Debug|Any CPU
		{F7DF97B8-453C-4B12-8CDD-3498AC7CE26E}.Debug|Any CPU.Build.0 = Debug|Any CPU
		{F7DF97B8-453C-4B12-8CDD-3498AC7CE26E}.Release|Any CPU.ActiveCfg = Release|Any CPU
		{F7DF97B8-453C-4B12-8CDD-3498AC7CE26E}.Release|Any CPU.Build.0 = Release|Any CPU
		{6BDAFEE8-87A2-4DB8-97B1-A7D7F4FDF5D3}.Debug|Any CPU.ActiveCfg = Debug|Any CPU
		{6BDAFEE8-87A2-4DB8-97B1-A7D7F4FDF5D3}.Debug|Any CPU.Build.0 = Debug|Any CPU
		{6BDAFEE8-87A2-4DB8-97B1-A7D7F4FDF5D3}.Release|Any CPU.ActiveCfg = Release|Any CPU
		{6BDAFEE8-87A2-4DB8-97B1-A7D7F4FDF5D3}.Release|Any CPU.Build.0 = Release|Any CPU
		{96EEF702-5043-458C-95C6-4BC06920A705}.Debug|Any CPU.ActiveCfg = Debug|Any CPU
		{96EEF702-5043-458C-95C6-4BC06920A705}.Debug|Any CPU.Build.0 = Debug|Any CPU
		{96EEF702-5043-458C-95C6-4BC06920A705}.Release|Any CPU.ActiveCfg = Release|Any CPU
		{96EEF702-5043-458C-95C6-4BC06920A705}.Release|Any CPU.Build.0 = Release|Any CPU
		{6E6E87CB-0FC9-4DE4-A3F6-73D7ED0F8E7F}.Debug|Any CPU.ActiveCfg = Debug|Any CPU
		{6E6E87CB-0FC9-4DE4-A3F6-73D7ED0F8E7F}.Debug|Any CPU.Build.0 = Debug|Any CPU
		{6E6E87CB-0FC9-4DE4-A3F6-73D7ED0F8E7F}.Release|Any CPU.ActiveCfg = Release|Any CPU
		{6E6E87CB-0FC9-4DE4-A3F6-73D7ED0F8E7F}.Release|Any CPU.Build.0 = Release|Any CPU
		{A63D31EE-0ED8-4A9E-8A2E-9B5D7B3C0B11}.Debug|Any CPU.ActiveCfg = Debug|Any CPU
		{A63D31EE-0ED8-4A9E-8A2E-9B5D7B3C0B11}.Debug|Any CPU.Build.0 = Debug|Any CPU
		{A63D31EE-0ED8-4A9E-8A2E-9B5D7B3C0B11}.Release|Any CPU.ActiveCfg = Release|Any CPU
		{A63D31EE-0ED8-4A9E-8A2E-9B5D7B3C0B11}.Release|Any CPU.Build.0 = Release|Any CPU
		{297C6206-7115-4B63-B1AA-ABF134AF64A4}.Debug|Any CPU.ActiveCfg = Debug|Any CPU
		{297C6206-7115-4B63-B1AA-ABF134AF64A4}.Debug|Any CPU.Build.0 = Debug|Any CPU
		{297C6206-7115-4B63-B1AA-ABF134AF64A4}.Release|Any CPU.ActiveCfg = Release|Any CPU
		{297C6206-7115-4B63-B1AA-ABF134AF64A4}.Release|Any CPU.Build.0 = Release|Any CPU
		{01A4D551-1C62-4334-88AF-3E8F88198B82}.Debug|Any CPU.ActiveCfg = Debug|Any CPU
		{01A4D551-1C62-4334-88AF-3E8F88198B82}.Debug|Any CPU.Build.0 = Debug|Any CPU
		{01A4D551-1C62-4334-88AF-3E8F88198B82}.Release|Any CPU.ActiveCfg = Release|Any CPU
		{01A4D551-1C62-4334-88AF-3E8F88198B82}.Release|Any CPU.Build.0 = Release|Any CPU
		{D3377078-1690-46BD-913F-70CE862DDE56}.Debug|Any CPU.ActiveCfg = Debug|Any CPU
		{D3377078-1690-46BD-913F-70CE862DDE56}.Debug|Any CPU.Build.0 = Debug|Any CPU
		{D3377078-1690-46BD-913F-70CE862DDE56}.Release|Any CPU.ActiveCfg = Release|Any CPU
		{D3377078-1690-46BD-913F-70CE862DDE56}.Release|Any CPU.Build.0 = Release|Any CPU
		{31C4C362-5BA9-45B8-8AAB-20B13ECB98CA}.Debug|Any CPU.ActiveCfg = Debug|Any CPU
		{31C4C362-5BA9-45B8-8AAB-20B13ECB98CA}.Debug|Any CPU.Build.0 = Debug|Any CPU
		{31C4C362-5BA9-45B8-8AAB-20B13ECB98CA}.Release|Any CPU.ActiveCfg = Release|Any CPU
		{31C4C362-5BA9-45B8-8AAB-20B13ECB98CA}.Release|Any CPU.Build.0 = Release|Any CPU
		{4DA4B6D5-C9BC-4E17-BB4D-C13BB2710F50}.Debug|Any CPU.ActiveCfg = Debug|Any CPU
		{4DA4B6D5-C9BC-4E17-BB4D-C13BB2710F50}.Debug|Any CPU.Build.0 = Debug|Any CPU
		{4DA4B6D5-C9BC-4E17-BB4D-C13BB2710F50}.Release|Any CPU.ActiveCfg = Release|Any CPU
		{4DA4B6D5-C9BC-4E17-BB4D-C13BB2710F50}.Release|Any CPU.Build.0 = Release|Any CPU
		{12308400-A58E-4B99-BE7B-C2FB3BEAD4D9}.Debug|Any CPU.ActiveCfg = Debug|Any CPU
		{12308400-A58E-4B99-BE7B-C2FB3BEAD4D9}.Debug|Any CPU.Build.0 = Debug|Any CPU
		{12308400-A58E-4B99-BE7B-C2FB3BEAD4D9}.Release|Any CPU.ActiveCfg = Release|Any CPU
		{12308400-A58E-4B99-BE7B-C2FB3BEAD4D9}.Release|Any CPU.Build.0 = Release|Any CPU
		{2A5F2446-9A20-4AB4-B26D-022A98731CFA}.Debug|Any CPU.ActiveCfg = Debug|Any CPU
		{2A5F2446-9A20-4AB4-B26D-022A98731CFA}.Debug|Any CPU.Build.0 = Debug|Any CPU
		{2A5F2446-9A20-4AB4-B26D-022A98731CFA}.Release|Any CPU.ActiveCfg = Release|Any CPU
		{2A5F2446-9A20-4AB4-B26D-022A98731CFA}.Release|Any CPU.Build.0 = Release|Any CPU
		{B74A1E9A-7C36-4D4A-A5F8-2D9C84F0E21A}.Debug|Any CPU.ActiveCfg = Debug|Any CPU
		{B74A1E9A-7C36-4D4A-A5F8-2D9C84F0E21A}.Debug|Any CPU.Build.0 = Debug|Any CPU
		{B74A1E9A-7C36-4D4A-A5F8-2D9C84F0E21A}.Release|Any CPU.ActiveCfg = Release|Any CPU
		{B74A1E9A-7C36-4D4A-A5F8-2D9C84F0E21A}.Release|Any CPU.Build.0 = Release|Any CPU
		{C85B2FAB-8D47-4E5B-B6A9-3EA5D9F1A32B}.Debug|Any CPU.ActiveCfg = Debug|Any CPU
		{C85B2FAB-8D47-4E5B-B6A9-3EA5D9F1A32B}.Debug|Any CPU.Build.0 = Debug|Any CPU
		{C85B2FAB-8D47-4E5B-B6A9-3EA5D9F1A32B}.Release|Any CPU.ActiveCfg = Release|Any CPU
		{C85B2FAB-8D47-4E5B-B6A9-3EA5D9F1A32B}.Release|Any CPU.Build.0 = Release|Any CPU
		{D6E0A8B1-0D4D-4F7B-9C9B-6F2B3D8E4A10}.Debug|Any CPU.ActiveCfg = Debug|Any CPU
		{D6E0A8B1-0D4D-4F7B-9C9B-6F2B3D8E4A10}.Debug|Any CPU.Build.0 = Debug|Any CPU
		{D6E0A8B1-0D4D-4F7B-9C9B-6F2B3D8E4A10}.Release|Any CPU.ActiveCfg = Release|Any CPU
		{D6E0A8B1-0D4D-4F7B-9C9B-6F2B3D8E4A10}.Release|Any CPU.Build.0 = Release|Any CPU
		{014F0814-986C-4F9B-9F4B-DF9916CC05E1}.Debug|Any CPU.ActiveCfg = Debug|Any CPU
		{014F0814-986C-4F9B-9F4B-DF9916CC05E1}.Debug|Any CPU.Build.0 = Debug|Any CPU
		{014F0814-986C-4F9B-9F4B-DF9916CC05E1}.Release|Any CPU.ActiveCfg = Release|Any CPU
		{014F0814-986C-4F9B-9F4B-DF9916CC05E1}.Release|Any CPU.Build.0 = Release|Any CPU
		{6AFEDEB6-BDD4-43C3-B2B4-9498B74724C7}.Debug|Any CPU.ActiveCfg = Debug|Any CPU
		{6AFEDEB6-BDD4-43C3-B2B4-9498B74724C7}.Debug|Any CPU.Build.0 = Debug|Any CPU
		{6AFEDEB6-BDD4-43C3-B2B4-9498B74724C7}.Release|Any CPU.ActiveCfg = Release|Any CPU
		{6AFEDEB6-BDD4-43C3-B2B4-9498B74724C7}.Release|Any CPU.Build.0 = Release|Any CPU
		{B4AD4929-D122-472C-970E-66A16F04F6B8}.Debug|Any CPU.ActiveCfg = Debug|Any CPU
		{B4AD4929-D122-472C-970E-66A16F04F6B8}.Debug|Any CPU.Build.0 = Debug|Any CPU
		{B4AD4929-D122-472C-970E-66A16F04F6B8}.Release|Any CPU.ActiveCfg = Release|Any CPU
		{B4AD4929-D122-472C-970E-66A16F04F6B8}.Release|Any CPU.Build.0 = Release|Any CPU
		{7E369B78-D63A-4549-AC83-AB74564F31D9}.Debug|Any CPU.ActiveCfg = Debug|Any CPU
		{7E369B78-D63A-4549-AC83-AB74564F31D9}.Debug|Any CPU.Build.0 = Debug|Any CPU
		{7E369B78-D63A-4549-AC83-AB74564F31D9}.Release|Any CPU.ActiveCfg = Release|Any CPU
		{7E369B78-D63A-4549-AC83-AB74564F31D9}.Release|Any CPU.Build.0 = Release|Any CPU
		{94A5B771-242C-4620-9492-B68FBD8F2F32}.Debug|Any CPU.ActiveCfg = Debug|Any CPU
		{94A5B771-242C-4620-9492-B68FBD8F2F32}.Debug|Any CPU.Build.0 = Debug|Any CPU
		{94A5B771-242C-4620-9492-B68FBD8F2F32}.Release|Any CPU.ActiveCfg = Release|Any CPU
		{94A5B771-242C-4620-9492-B68FBD8F2F32}.Release|Any CPU.Build.0 = Release|Any CPU
		{10538CAF-DD8B-449A-959E-B7A4DEB199F8}.Debug|Any CPU.ActiveCfg = Debug|Any CPU
		{10538CAF-DD8B-449A-959E-B7A4DEB199F8}.Debug|Any CPU.Build.0 = Debug|Any CPU
		{10538CAF-DD8B-449A-959E-B7A4DEB199F8}.Release|Any CPU.ActiveCfg = Release|Any CPU
		{10538CAF-DD8B-449A-959E-B7A4DEB199F8}.Release|Any CPU.Build.0 = Release|Any CPU
		{C08581DA-C222-4A5A-9D0A-F5F06E05DA3F}.Debug|Any CPU.ActiveCfg = Debug|Any CPU
		{C08581DA-C222-4A5A-9D0A-F5F06E05DA3F}.Debug|Any CPU.Build.0 = Debug|Any CPU
		{C08581DA-C222-4A5A-9D0A-F5F06E05DA3F}.Release|Any CPU.ActiveCfg = Release|Any CPU
		{C08581DA-C222-4A5A-9D0A-F5F06E05DA3F}.Release|Any CPU.Build.0 = Release|Any CPU
		{087ADF22-73C3-4E61-BC0E-EC810753A6F3}.Debug|Any CPU.ActiveCfg = Debug|Any CPU
		{087ADF22-73C3-4E61-BC0E-EC810753A6F3}.Debug|Any CPU.Build.0 = Debug|Any CPU
		{087ADF22-73C3-4E61-BC0E-EC810753A6F3}.Release|Any CPU.ActiveCfg = Release|Any CPU
		{087ADF22-73C3-4E61-BC0E-EC810753A6F3}.Release|Any CPU.Build.0 = Release|Any CPU
		{3D11DC29-809F-4ED5-A120-5C43BA44399A}.Debug|Any CPU.ActiveCfg = Debug|Any CPU
		{3D11DC29-809F-4ED5-A120-5C43BA44399A}.Debug|Any CPU.Build.0 = Debug|Any CPU
		{3D11DC29-809F-4ED5-A120-5C43BA44399A}.Release|Any CPU.ActiveCfg = Release|Any CPU
		{3D11DC29-809F-4ED5-A120-5C43BA44399A}.Release|Any CPU.Build.0 = Release|Any CPU
		{8F905FB1-FD2C-4274-BE13-9BD3869C1FDE}.Debug|Any CPU.ActiveCfg = Debug|Any CPU
		{8F905FB1-FD2C-4274-BE13-9BD3869C1FDE}.Debug|Any CPU.Build.0 = Debug|Any CPU
		{8F905FB1-FD2C-4274-BE13-9BD3869C1FDE}.Release|Any CPU.ActiveCfg = Release|Any CPU
		{8F905FB1-FD2C-4274-BE13-9BD3869C1FDE}.Release|Any CPU.Build.0 = Release|Any CPU
		{B7999A20-1CDE-4199-B7AE-A1813709D7AE}.Debug|Any CPU.ActiveCfg = Debug|Any CPU
		{B7999A20-1CDE-4199-B7AE-A1813709D7AE}.Debug|Any CPU.Build.0 = Debug|Any CPU
		{B7999A20-1CDE-4199-B7AE-A1813709D7AE}.Release|Any CPU.ActiveCfg = Release|Any CPU
		{B7999A20-1CDE-4199-B7AE-A1813709D7AE}.Release|Any CPU.Build.0 = Release|Any CPU
		{F73B46A0-FF2A-4C9A-AE40-C3E8F802C0A1}.Debug|Any CPU.ActiveCfg = Debug|Any CPU
		{F73B46A0-FF2A-4C9A-AE40-C3E8F802C0A1}.Debug|Any CPU.Build.0 = Debug|Any CPU
		{F73B46A0-FF2A-4C9A-AE40-C3E8F802C0A1}.Release|Any CPU.ActiveCfg = Release|Any CPU
		{F73B46A0-FF2A-4C9A-AE40-C3E8F802C0A1}.Release|Any CPU.Build.0 = Release|Any CPU
		{A10D1E52-62D9-42A2-B178-3D46554611F0}.Debug|Any CPU.ActiveCfg = Debug|Any CPU
		{A10D1E52-62D9-42A2-B178-3D46554611F0}.Debug|Any CPU.Build.0 = Debug|Any CPU
		{A10D1E52-62D9-42A2-B178-3D46554611F0}.Release|Any CPU.ActiveCfg = Release|Any CPU
		{A10D1E52-62D9-42A2-B178-3D46554611F0}.Release|Any CPU.Build.0 = Release|Any CPU
		{8823CCE9-E5E4-466D-A9FA-AEB10842CE93}.Debug|Any CPU.ActiveCfg = Debug|Any CPU
		{8823CCE9-E5E4-466D-A9FA-AEB10842CE93}.Debug|Any CPU.Build.0 = Debug|Any CPU
		{8823CCE9-E5E4-466D-A9FA-AEB10842CE93}.Release|Any CPU.ActiveCfg = Release|Any CPU
		{8823CCE9-E5E4-466D-A9FA-AEB10842CE93}.Release|Any CPU.Build.0 = Release|Any CPU
		{437B2EAB-CC34-4AE3-872F-A8AE4CAD3B1C}.Debug|Any CPU.ActiveCfg = Debug|Any CPU
		{437B2EAB-CC34-4AE3-872F-A8AE4CAD3B1C}.Debug|Any CPU.Build.0 = Debug|Any CPU
		{437B2EAB-CC34-4AE3-872F-A8AE4CAD3B1C}.Release|Any CPU.ActiveCfg = Release|Any CPU
		{437B2EAB-CC34-4AE3-872F-A8AE4CAD3B1C}.Release|Any CPU.Build.0 = Release|Any CPU
		{0C547999-BB18-4C4A-AABB-2D6897FA1F4A}.Debug|Any CPU.ActiveCfg = Debug|Any CPU
		{0C547999-BB18-4C4A-AABB-2D6897FA1F4A}.Debug|Any CPU.Build.0 = Debug|Any CPU
		{0C547999-BB18-4C4A-AABB-2D6897FA1F4A}.Release|Any CPU.ActiveCfg = Release|Any CPU
		{0C547999-BB18-4C4A-AABB-2D6897FA1F4A}.Release|Any CPU.Build.0 = Release|Any CPU
		{D2E09B1E-060F-41F5-8234-276C4CBFDB72}.Debug|Any CPU.ActiveCfg = Debug|Any CPU
		{D2E09B1E-060F-41F5-8234-276C4CBFDB72}.Debug|Any CPU.Build.0 = Debug|Any CPU
		{D2E09B1E-060F-41F5-8234-276C4CBFDB72}.Release|Any CPU.ActiveCfg = Release|Any CPU
		{D2E09B1E-060F-41F5-8234-276C4CBFDB72}.Release|Any CPU.Build.0 = Release|Any CPU
	EndGlobalSection
	GlobalSection(NestedProjects) = preSolution
		{9A59E70C-3392-4B32-91A0-8BE8072367AC} = {32C7F79A-FB37-445B-B08B-63DADCAAB354}
		{4E734497-C67F-4A22-8E8D-78FB947AE5FB} = {32C7F79A-FB37-445B-B08B-63DADCAAB354}
		{F7DF97B8-453C-4B12-8CDD-3498AC7CE26E} = {32C7F79A-FB37-445B-B08B-63DADCAAB354}
		{6BDAFEE8-87A2-4DB8-97B1-A7D7F4FDF5D3} = {32C7F79A-FB37-445B-B08B-63DADCAAB354}
		{96EEF702-5043-458C-95C6-4BC06920A705} = {32C7F79A-FB37-445B-B08B-63DADCAAB354}
		{6E6E87CB-0FC9-4DE4-A3F6-73D7ED0F8E7F} = {32C7F79A-FB37-445B-B08B-63DADCAAB354}
		{A63D31EE-0ED8-4A9E-8A2E-9B5D7B3C0B11} = {32C7F79A-FB37-445B-B08B-63DADCAAB354}
		{297C6206-7115-4B63-B1AA-ABF134AF64A4} = {1CB377A7-6902-4181-92DD-D445F8A6499D}
		{01A4D551-1C62-4334-88AF-3E8F88198B82} = {1CB377A7-6902-4181-92DD-D445F8A6499D}
		{D3377078-1690-46BD-913F-70CE862DDE56} = {1CB377A7-6902-4181-92DD-D445F8A6499D}
		{31C4C362-5BA9-45B8-8AAB-20B13ECB98CA} = {1CB377A7-6902-4181-92DD-D445F8A6499D}
		{4DA4B6D5-C9BC-4E17-BB4D-C13BB2710F50} = {1CB377A7-6902-4181-92DD-D445F8A6499D}
		{12308400-A58E-4B99-BE7B-C2FB3BEAD4D9} = {1CB377A7-6902-4181-92DD-D445F8A6499D}
		{2A5F2446-9A20-4AB4-B26D-022A98731CFA} = {1CB377A7-6902-4181-92DD-D445F8A6499D}
		{B74A1E9A-7C36-4D4A-A5F8-2D9C84F0E21A} = {1CB377A7-6902-4181-92DD-D445F8A6499D}
		{C85B2FAB-8D47-4E5B-B6A9-3EA5D9F1A32B} = {1CB377A7-6902-4181-92DD-D445F8A6499D}
		{D6E0A8B1-0D4D-4F7B-9C9B-6F2B3D8E4A10} = {1CB377A7-6902-4181-92DD-D445F8A6499D}
		{014F0814-986C-4F9B-9F4B-DF9916CC05E1} = {32C7F79A-FB37-445B-B08B-63DADCAAB354}
		{6AFEDEB6-BDD4-43C3-B2B4-9498B74724C7} = {32C7F79A-FB37-445B-B08B-63DADCAAB354}
		{B4AD4929-D122-472C-970E-66A16F04F6B8} = {32C7F79A-FB37-445B-B08B-63DADCAAB354}
		{7E369B78-D63A-4549-AC83-AB74564F31D9} = {1CB377A7-6902-4181-92DD-D445F8A6499D}
		{94A5B771-242C-4620-9492-B68FBD8F2F32} = {1CB377A7-6902-4181-92DD-D445F8A6499D}
		{10538CAF-DD8B-449A-959E-B7A4DEB199F8} = {1CB377A7-6902-4181-92DD-D445F8A6499D}
		{E0354BD5-4A56-427F-89CE-D4AF36E1EFF8} = {AF900242-B54A-467D-AEE2-D915A9A0C7F2}
		{5B6FDDA9-81D0-474E-A6A2-E02863F3169E} = {E0354BD5-4A56-427F-89CE-D4AF36E1EFF8}
		{C08581DA-C222-4A5A-9D0A-F5F06E05DA3F} = {5B6FDDA9-81D0-474E-A6A2-E02863F3169E}
		{087ADF22-73C3-4E61-BC0E-EC810753A6F3} = {5B6FDDA9-81D0-474E-A6A2-E02863F3169E}
		{A0F38BD6-BE6B-480C-A4E9-11AE3000A104} = {AF900242-B54A-467D-AEE2-D915A9A0C7F2}
		{7E9AB315-D4E2-45B4-ABFD-5132F03C1416} = {A0F38BD6-BE6B-480C-A4E9-11AE3000A104}
		{3D11DC29-809F-4ED5-A120-5C43BA44399A} = {7E9AB315-D4E2-45B4-ABFD-5132F03C1416}
		{9486C278-2EC8-4947-A333-C7FF09856162} = {8E3672ED-B7DF-4A6B-BD7B-CED745C3EF4B}
		{F4FF9340-EC5B-48BF-93B7-A3F3DFD5738B} = {9486C278-2EC8-4947-A333-C7FF09856162}
		{8F905FB1-FD2C-4274-BE13-9BD3869C1FDE} = {F4FF9340-EC5B-48BF-93B7-A3F3DFD5738B}
		{5B75FD32-4341-464C-AD72-D27630DA0153} = {8E3672ED-B7DF-4A6B-BD7B-CED745C3EF4B}
		{CEB7F62E-9CAE-49C5-9266-480E39772D69} = {5B75FD32-4341-464C-AD72-D27630DA0153}
		{B7999A20-1CDE-4199-B7AE-A1813709D7AE} = {CEB7F62E-9CAE-49C5-9266-480E39772D69}
		{974D1C7A-41B7-4F0E-B955-6A129B5E50D8} = {8E3672ED-B7DF-4A6B-BD7B-CED745C3EF4B}
		{E854FC7A-9A69-4DCC-8D58-D076A2CCB411} = {974D1C7A-41B7-4F0E-B955-6A129B5E50D8}
		{F73B46A0-FF2A-4C9A-AE40-C3E8F802C0A1} = {E854FC7A-9A69-4DCC-8D58-D076A2CCB411}
		{C39F1328-BE3C-4381-9BC8-77E4697351FA} = {8E3672ED-B7DF-4A6B-BD7B-CED745C3EF4B}
		{152EFBE0-0847-4EB4-814C-B40FC79C8076} = {C39F1328-BE3C-4381-9BC8-77E4697351FA}
		{A10D1E52-62D9-42A2-B178-3D46554611F0} = {152EFBE0-0847-4EB4-814C-B40FC79C8076}
		{01CC5B7A-8004-4184-8C1A-A200FFEE4354} = {8E3672ED-B7DF-4A6B-BD7B-CED745C3EF4B}
		{16FC6D58-EC94-4C9A-B920-D340DF9FD5FD} = {01CC5B7A-8004-4184-8C1A-A200FFEE4354}
		{EB6FE890-D8DC-4AAA-9FB5-C26FB236D7ED} = {16FC6D58-EC94-4C9A-B920-D340DF9FD5FD}
		{8823CCE9-E5E4-466D-A9FA-AEB10842CE93} = {EB6FE890-D8DC-4AAA-9FB5-C26FB236D7ED}
		{5B886691-B6FE-4022-B09A-629B0BC07FFA} = {01CC5B7A-8004-4184-8C1A-A200FFEE4354}
		{43FD3DDA-F589-4550-8458-DDE5293437A4} = {5B886691-B6FE-4022-B09A-629B0BC07FFA}
		{437B2EAB-CC34-4AE3-872F-A8AE4CAD3B1C} = {43FD3DDA-F589-4550-8458-DDE5293437A4}
		{B8CCD72D-7B99-457C-89E6-823E57DFC954} = {01CC5B7A-8004-4184-8C1A-A200FFEE4354}
		{5EE4A966-39C9-4D25-A6A0-974EBEC12948} = {B8CCD72D-7B99-457C-89E6-823E57DFC954}
		{0C547999-BB18-4C4A-AABB-2D6897FA1F4A} = {5EE4A966-39C9-4D25-A6A0-974EBEC12948}
		{5EA8A388-D854-4E3F-9DBB-E271F678E034} = {472D5FEF-B5AA-46E2-94C7-ED635532FB3B}
		{D2E09B1E-060F-41F5-8234-276C4CBFDB72} = {5EA8A388-D854-4E3F-9DBB-E271F678E034}
	EndGlobalSection
EndGlobal
