Microsoft Visual Studio Solution File, Format Version 12.00
# Visual Studio Version 17
VisualStudioVersion = 17.0.31903.59
MinimumVisualStudioVersion = 10.0.40219.1
Project("{FAE04EC0-301F-11D3-BF4B-00C04F79EFBC}") = "FgoPet.RenderingProbe", "src\FgoPet.RenderingProbe\FgoPet.RenderingProbe.csproj", "{7E3BF4E3-7728-4692-98D8-9D530A2F17AD}"
EndProject
Project("{FAE04EC0-301F-11D3-BF4B-00C04F79EFBC}") = "FgoPet.RenderingProbe.Tests", "tests\FgoPet.RenderingProbe.Tests\FgoPet.RenderingProbe.Tests.csproj", "{6412F4D8-6937-47A4-856B-6DDB39E9E82C}"
EndProject
Global
	GlobalSection(SolutionConfigurationPlatforms) = preSolution
		Debug|Any CPU = Debug|Any CPU
		Release|Any CPU = Release|Any CPU
	EndGlobalSection
	GlobalSection(ProjectConfigurationPlatforms) = postSolution
		{7E3BF4E3-7728-4692-98D8-9D530A2F17AD}.Debug|Any CPU.ActiveCfg = Debug|Any CPU
		{7E3BF4E3-7728-4692-98D8-9D530A2F17AD}.Debug|Any CPU.Build.0 = Debug|Any CPU
		{7E3BF4E3-7728-4692-98D8-9D530A2F17AD}.Release|Any CPU.ActiveCfg = Release|Any CPU
		{7E3BF4E3-7728-4692-98D8-9D530A2F17AD}.Release|Any CPU.Build.0 = Release|Any CPU
		{6412F4D8-6937-47A4-856B-6DDB39E9E82C}.Debug|Any CPU.ActiveCfg = Debug|Any CPU
		{6412F4D8-6937-47A4-856B-6DDB39E9E82C}.Debug|Any CPU.Build.0 = Debug|Any CPU
		{6412F4D8-6937-47A4-856B-6DDB39E9E82C}.Release|Any CPU.ActiveCfg = Release|Any CPU
		{6412F4D8-6937-47A4-856B-6DDB39E9E82C}.Release|Any CPU.Build.0 = Release|Any CPU
	EndGlobalSection
EndGlobal
